{"SurveyEntry":{"SurveyID":"SV_0SsdnP75HEhASFw","SurveyName":"SSA_v6_Part2_Rainloop_Prolific","SurveyDescription":"ImportSurvey","SurveyOwnerID":"UR_6KCZbSNG5IiMAl0","SurveyBrandID":"uwmadison","DivisionID":null,"SurveyLanguage":"EN","SurveyActiveResponseSet":"RS_2of8QdHszWMmbJQ","SurveyStatus":"Active","SurveyStartDate":"0000-00-00 00:00:00","SurveyExpirationDate":"0000-00-00 00:00:00","SurveyCreationDate":"2021-08-16 20:03:41","CreatorID":"UR_6KCZbSNG5IiMAl0","LastModified":"2021-08-16 20:58:03","LastAccessed":"0000-00-00 00:00:00","LastActivated":"2021-08-16 20:12:57","Deleted":null},"SurveyElements":[{"SurveyID":"SV_0SsdnP75HEhASFw","Element":"BL","PrimaryAttribute":"Survey Blocks","SecondaryAttribute":null,"TertiaryAttribute":null,"Payload":{"0":{"Type":"Default","Description":"Consent","ID":"BL_b2yKM73RNmpN9bM","Options":{"BlockLocking":"false","RandomizeQuestions":"false","BlockVisibility":"Expanded"},"BlockElements":[{"Type":"Question","QuestionID":"QID36"},{"Type":"Question","QuestionID":"QID37"}]},"1":{"Type":"Trash","Description":"Trash \/ Unused Questions","ID":"BL_4V3yOOyFQTZROmy","BlockElements":[]},"6":{"Type":"Standard","SubType":"","Description":"Test","ID":"BL_cMTWDp9aYVqFank","BlockElements":[{"Type":"Question","QuestionID":"QID38"},{"Type":"Page Break"},{"Type":"Question","QuestionID":"QID74"}]},"11":{"Type":"Standard","SubType":"","Description":"Attention","ID":"BL_1Mthm0YDI57SrRA","BlockElements":[{"Type":"Question","QuestionID":"QID55"},{"Type":"Page Break"},{"Type":"Question","QuestionID":"QID49"}]},"12":{"Type":"Standard","SubType":"","Description":"ProlificId","ID":"BL_9Srle0XUtkpx5vE","BlockElements":[{"Type":"Question","QuestionID":"QID42"},{"Type":"Question","QuestionID":"QID52"}]},"13":{"Type":"Standard","SubType":"","Description":"Test_SMSAndLetter","ID":"BL_3xWDBqCKvkHUcvA","BlockElements":[{"Type":"Question","QuestionID":"QID67"},{"Type":"Page Break"},{"Type":"Question","QuestionID":"QID63"},{"Type":"Page Break"},{"Type":"Question","QuestionID":"QID64"},{"Type":"Page Break"},{"Type":"Question","QuestionID":"QID65"},{"Type":"Page Break"},{"Type":"Question","QuestionID":"QID62"}]}}},{"SurveyID":"SV_0SsdnP75HEhASFw","Element":"FL","PrimaryAttribute":"Survey Flow","SecondaryAttribute":null,"TertiaryAttribute":null,"Payload":{"Type":"Root","FlowID":"FL_1","Flow":[{"Type":"Block","ID":"BL_b2yKM73RNmpN9bM","FlowID":"FL_2","Autofill":[]},{"Type":"Branch","FlowID":"FL_16","Description":"New Branch","BranchLogic":{"0":{"0":{"LogicType":"Question","QuestionID":"QID37","QuestionIsInLoop":"no","ChoiceLocator":"q:\/\/QID37\/SelectableChoice\/3","Operator":"Selected","QuestionIDFromLocator":"QID37","LeftOperand":"q:\/\/QID37\/SelectableChoice\/3","Type":"Expression","Description":"<span class=\"ConjDesc\">If<\/span> <span class=\"QuestionDesc\">Do you consent to this research study?<\/span> <span class=\"LeftOpDesc\">No<\/span> <span class=\"OpDesc\">Is Selected<\/span> "},"Type":"If"},"Type":"BooleanExpression"},"Flow":[{"Type":"EndSurvey","FlowID":"FL_15","EndingType":"Advanced","Options":{"Advanced":"true","SurveyTermination":"DefaultMessage"}}]},{"Type":"Standard","ID":"BL_9Srle0XUtkpx5vE","FlowID":"FL_19","Autofill":[]},{"Type":"Standard","ID":"BL_cMTWDp9aYVqFank","FlowID":"FL_7","Autofill":[]},{"Type":"Standard","ID":"BL_3xWDBqCKvkHUcvA","FlowID":"FL_21","Autofill":[]},{"Type":"Standard","ID":"BL_1Mthm0YDI57SrRA","FlowID":"FL_18","Autofill":[]}],"Properties":{"Count":22,"RemovedFieldsets":[]}}},{"SurveyID":"SV_0SsdnP75HEhASFw","Element":"RS","PrimaryAttribute":"RS_2of8QdHszWMmbJQ","SecondaryAttribute":null,"TertiaryAttribute":null,"Payload":null},{"SurveyID":"SV_0SsdnP75HEhASFw","Element":"SO","PrimaryAttribute":"Survey Options","SecondaryAttribute":null,"TertiaryAttribute":null,"Payload":{"BackButton":"true","SaveAndContinue":"false","SurveyProtection":"PublicSurvey","BallotBoxStuffingPrevention":"false","NoIndex":"Yes","SecureResponseFiles":"true","SurveyExpiration":null,"SurveyTermination":"Redirect","Header":"","Footer":"","ProgressBarDisplay":"None","PartialData":"+1 day","ValidationMessage":null,"PreviousButton":" \u2190 ","NextButton":" \u2192 ","SurveyTitle":"Online Survey Software | Qualtrics Survey Solutions","SkinLibrary":"uwmadison","SkinType":"templated","Skin":{"brandingId":null,"templateId":"*base","overrides":null},"NewScoring":1,"EOSMessage":"MS_3TWVLGZnCQ99ts2","ShowExportTags":"false","CollectGeoLocation":"false","SurveyMetaDescription":"The most powerful, simple and trusted way to gather experience data. Start your journey to experience management and try a free account today.","PasswordProtection":"No","AnonymizeResponse":"No","Password":"","RefererCheck":"No","RefererURL":"http:\/\/","RelevantID":"false","RelevantIDLockoutPeriod":"+30 days","UseCustomSurveyLinkCompletedMessage":null,"SurveyLinkCompletedMessage":"","SurveyLinkCompletedMessageLibrary":"","ResponseSummary":"No","EOSMessageLibrary":"UR_6KCZbSNG5IiMAl0","EOSRedirectURL":"https:\/\/app.prolific.co\/submissions\/complete?cc=7B074E4C","EmailThankYou":"false","ThankYouEmailMessageLibrary":null,"ThankYouEmailMessage":null,"ValidateMessage":"true","ValidationMessageLibrary":null,"InactiveSurvey":"DefaultMessage","PartialDeletion":null,"PartialDataCloseAfter":"LastActivity","ActiveResponseSet":null,"InactiveMessageLibrary":"","InactiveMessage":"","AvailableLanguages":{"EN":[]},"CustomStyles":[],"ProtectSelectionIds":true}},{"SurveyID":"SV_0SsdnP75HEhASFw","Element":"SCO","PrimaryAttribute":"Scoring","SecondaryAttribute":null,"TertiaryAttribute":null,"Payload":{"ScoringCategories":[],"ScoringCategoryGroups":[],"ScoringSummaryCategory":null,"ScoringSummaryAfterQuestions":0,"ScoringSummaryAfterSurvey":0,"DefaultScoringCategory":null,"AutoScoringCategory":null}},{"SurveyID":"SV_0SsdnP75HEhASFw","Element":"PROJ","PrimaryAttribute":"CORE","SecondaryAttribute":null,"TertiaryAttribute":"1.1.0","Payload":{"ProjectCategory":"CORE","SchemaVersion":"1.1.0"}},{"SurveyID":"SV_0SsdnP75HEhASFw","Element":"STAT","PrimaryAttribute":"Survey Statistics","SecondaryAttribute":null,"TertiaryAttribute":null,"Payload":{"MobileCompatible":true,"ID":"Survey Statistics"}},{"SurveyID":"SV_0SsdnP75HEhASFw","Element":"QC","PrimaryAttribute":"Survey Question Count","SecondaryAttribute":"74","TertiaryAttribute":null,"Payload":null},{"SurveyID":"SV_0SsdnP75HEhASFw","Element":"SQ","PrimaryAttribute":"QID38","SecondaryAttribute":"At the bottom of this page, we're going to open up a new window, where you'll see a simple email...","TertiaryAttribute":null,"Payload":{"QuestionText":"<p>At the bottom of this page, we're going to open up a new window, where you'll see a simple email application with eight messages in it. Some of the messages are fake (scams) and some of them are real. Your goal is to correctly flag each the fake ones, without mislabeling the real ones.<\/p>\n\n<p>&nbsp;&nbsp;<br><\/p>\n\n<p>This process has four steps: \n<ol>\n<li> Log into the email application (we've generated a username and password for you).\n<li> Open and read each email message.\n<li> Flag the fake messages as 'spam'.  \n<li> Close the window and return here. \n<\/ol>\n<\/p>\n<p>&nbsp;&nbsp;<br><\/p>\n\n<p><b>Step 1: Log in<\/b><br><\/p>\n<p>When you click on the button below, it will pop up a new window that looks like the image below. We've automatically generated a username and password for you, so all you need to do is click on the login button, as shown below.  Note -- this is just a test site; you can't actually send or receive email in it.<\/p>\n<p>&nbsp;&nbsp;<br><\/p>\n\n<img width=\"283\" height=\"210\" src=\"https:\/\/behavioralsurvey.com\/wp-content\/uploads\/2021\/06\/images\/RainLoopInstructions_Step1Login_FullWindow_WithInstructions.PNG\">\n\n<p>&nbsp;&nbsp;<br><\/p>\n\n<p><b>Step 2: Open and read the message<\/b><\/p>\n<p>You'll see eight subject lines. Click on each one in the window on the left, and you'll see the email appear on the right. Read it carefully. Think about the tone of the message, hover over the links, and look at the email headers, as shown in the image below. <\/p>\n\n<p>Note: For the purposes of these emails, you can assume that someone in your family uses Amazon.com and that someone uses the Social Security Administration website.<\/p>\n\n<p>&nbsp;&nbsp;<br><\/p>\n\n<img width=\"461\" height=\"333\" src=\"https:\/\/behavioralsurvey.com\/wp-content\/uploads\/2021\/06\/images\/RainLoopInstructions_Step2EmailScreen_WithReviewInstructions.PNG\">\n\n<p>&nbsp;&nbsp;<br><\/p>\n\n<p><b>Step 3: Flag fakes as spam<\/b><br><\/p>\n<p> If you think a message is real, leave it alone. If you think a message is fake, then click on the warning sign (a triangle) at the top to flag it as 'Spam'. Don't interact with the fake messages: don't click on any links, reply to it, etc.<br>\n<\/p>\n<p>&nbsp;&nbsp;<br><\/p>\n\n<img width=\"473\" height=\"289\" src=\"https:\/\/behavioralsurvey.com\/wp-content\/uploads\/2021\/06\/images\/RainLoopInstructions_Step2EmailScreen_WithSpamInstructions.PNG\">\n\n<p>&nbsp;&nbsp;<br><\/p>\n\n<p><b>Step 4: Close the window and come back<\/b><br><\/p>\n\n<p> Close the window as you normally would, then come back to the survey to complete the process.  Remember -- you must open and review all eight messages, before you close the window, to receive credit for this part.  <\/p>\n\n\n<p>&nbsp;&nbsp;<br><\/p>\n<p>&nbsp;&nbsp;<br><\/p>\n\n<div align=\"center\"><button style=\"background-color:slateblue;color:white;display:block;width=60%;border=none;text-align:center;\" class=\"btn\" onclick=\"\n     $myQ2Val = '${q:\/\/QID42\/ChoiceTextEntryValue}';\n   const encodedData = window.btoa($myQ2Val + '@behavioralsurvey.com');\n   var fullUrl = 'http:\/\/3.20.89.142:7000?email=' + encodedData + '&pass=UGFzc3dvcmQxMjM0Kg==';\n   window.open(fullUrl , '_blank');\">Click to Start Reviewing the Emails <\/button><\/div>\n\n<p>&nbsp;&nbsp;<br><\/p>\n<p>&nbsp;&nbsp;<br><\/p>","DefaultChoices":false,"DataExportTag":"Email_Test_Intro","QuestionID":"QID38","QuestionType":"DB","Selector":"TB","Configuration":{"QuestionDescriptionOption":"UseText"},"QuestionDescription":"At the bottom of this page, we're going to open up a new window, where you'll see a simple email...","ChoiceOrder":[],"Validation":{"Settings":{"Type":"None"}},"GradingData":[],"Language":[],"NextChoiceId":4,"NextAnswerId":1,"DataVisibility":{"Private":false,"Hidden":false}}},{"SurveyID":"SV_0SsdnP75HEhASFw","Element":"SQ","PrimaryAttribute":"QID52","SecondaryAttribute":"Click to write the question text","TertiaryAttribute":null,"Payload":{"QuestionText":"Click to write the question text","DefaultChoices":false,"DataExportTag":"Meta","QuestionType":"Meta","Selector":"Browser","Configuration":{"QuestionDescriptionOption":"UseText"},"QuestionDescription":"Click to write the question text","Choices":{"1":{"Display":"Browser","TextEntry":1},"2":{"Display":"Version","TextEntry":1},"3":{"Display":"Operating System","TextEntry":1},"4":{"Display":"Screen Resolution","TextEntry":1},"5":{"Display":"Flash Version","TextEntry":1},"6":{"Display":"Java Support","TextEntry":1},"7":{"Display":"User Agent","TextEntry":1}},"GradingData":[],"Language":[],"NextChoiceId":4,"NextAnswerId":1,"QuestionID":"QID52"}},{"SurveyID":"SV_0SsdnP75HEhASFw","Element":"SQ","PrimaryAttribute":"QID37","SecondaryAttribute":"Do you consent to this research study?","TertiaryAttribute":null,"Payload":{"QuestionText":"Do you consent to this research study?","DataExportTag":"Consent","QuestionType":"MC","Selector":"SAVR","SubSelector":"TX","Configuration":{"QuestionDescriptionOption":"UseText"},"QuestionDescription":"Do you consent to this research study?","Choices":{"1":{"Display":"Yes"},"3":{"Display":"No"}},"ChoiceOrder":["1","3"],"Validation":{"Settings":{"ForceResponse":"ON","ForceResponseType":"ON","Type":"None"}},"Language":[],"NextChoiceId":4,"NextAnswerId":1,"QuestionID":"QID37","DataVisibility":{"Private":false,"Hidden":false}}},{"SurveyID":"SV_0SsdnP75HEhASFw","Element":"SQ","PrimaryAttribute":"QID74","SecondaryAttribute":"If you haven't reviewed all eight messages, please go back to the previous screen, and open the e...","TertiaryAttribute":null,"Payload":{"QuestionText":"<p>If you haven't reviewed all eight messages, please go back to the previous screen, and open the email application.  When you're done (or if you're already done), click continue to move on to the next part of the survey.<\/p>","DefaultChoices":false,"DataExportTag":"ContinueCheck","QuestionType":"DB","Selector":"TB","Configuration":{"QuestionDescriptionOption":"UseText"},"QuestionDescription":"If you haven't reviewed all eight messages, please go back to the previous screen, and open the e...","ChoiceOrder":[],"Validation":{"Settings":{"Type":"None"}},"GradingData":[],"Language":[],"NextChoiceId":4,"NextAnswerId":1,"QuestionID":"QID74"}},{"SurveyID":"SV_0SsdnP75HEhASFw","Element":"SQ","PrimaryAttribute":"QID67","SecondaryAttribute":"In this section, we're going to show you a series of text messages and letters.\u00a0 Please read each..","TertiaryAttribute":null,"Payload":{"QuestionText":"<p>In this section, we're going to show you a series of text messages and letters.&nbsp; Please read each one and indicate whether it appears to be fraudulent or legitimate.&nbsp; Each question is scored: you receive one point for a correct answer (labeling a&nbsp;real message as 'real' or a fake message as&nbsp;'fake').&nbsp; &nbsp;<\/p>\n<div><br><\/div><p>For the purposes of these questions, assume someone in your family uses the Social Security Administration website and Medicare.&nbsp;&nbsp;<\/p>","DefaultChoices":false,"DataExportTag":"smstest_intro","QuestionType":"DB","Selector":"TB","DataVisibility":{"Private":false,"Hidden":false},"Configuration":{"QuestionDescriptionOption":"UseText"},"QuestionDescription":"In this section, we're going to show you a series of text messages and letters.\u00a0 Please read each...","ChoiceOrder":[],"Validation":{"Settings":{"Type":"None"}},"GradingData":[],"Language":[],"NextChoiceId":4,"NextAnswerId":1,"QuestionID":"QID67"}},{"SurveyID":"SV_0SsdnP75HEhASFw","Element":"SQ","PrimaryAttribute":"QID63","SecondaryAttribute":"Is the following letter real or fake?","TertiaryAttribute":null,"Payload":{"QuestionText":"<div><p>Is the following letter real or fake?<\/p><p> <\/p><\/div>\n<iframe src=\"https:\/\/behavioralsurvey.com\/wp-content\/uploads\/2021\/05\/ssa_letter_medicareReview.html\" style=\"height:500px;width:100%;\">\n<\/iframe>","DataExportTag":"lt_medicare","QuestionType":"MC","Selector":"SAHR","SubSelector":"TX","DataVisibility":{"Private":false,"Hidden":false},"Configuration":{"QuestionDescriptionOption":"UseText","LabelPosition":"BELOW"},"QuestionDescription":"Is the following letter real or fake?","Choices":{"1":{"Display":"Real"},"2":{"Display":"Fake"}},"ChoiceOrder":["1","2"],"Validation":{"Settings":{"ForceResponse":"RequestResponse","ForceResponseType":"RequestResponse","Type":"None"}},"Language":[],"NextChoiceId":4,"NextAnswerId":1,"QuestionID":"QID63"}},{"SurveyID":"SV_0SsdnP75HEhASFw","Element":"SQ","PrimaryAttribute":"QID65","SecondaryAttribute":"Is the following letter real or fake?","TertiaryAttribute":null,"Payload":{"QuestionText":"<div><p>Is the following letter real or fake?<\/p><p> <\/p><\/div>\n<iframe src=\"https:\/\/behavioralsurvey.com\/wp-content\/uploads\/2021\/05\/ssa_letter_benefitsSuspension.html\" style=\"height:500px;width:100%;\">\n<\/iframe>","DataExportTag":"lt_suspension","QuestionType":"MC","Selector":"SAHR","SubSelector":"TX","DataVisibility":{"Private":false,"Hidden":false},"Configuration":{"QuestionDescriptionOption":"UseText","LabelPosition":"BELOW"},"QuestionDescription":"Is the following letter real or fake?","Choices":{"1":{"Display":"Real"},"2":{"Display":"Fake"}},"ChoiceOrder":["1","2"],"Validation":{"Settings":{"ForceResponse":"RequestResponse","ForceResponseType":"RequestResponse","Type":"None"}},"Language":[],"NextChoiceId":4,"NextAnswerId":1,"QuestionID":"QID65"}},{"SurveyID":"SV_0SsdnP75HEhASFw","Element":"SQ","PrimaryAttribute":"QID62","SecondaryAttribute":"Is the following text message real or fake?","TertiaryAttribute":null,"Payload":{"QuestionText":"<div><p>Is the following text message real or fake?<\/p><p> <\/p><\/div>\n<iframe src=\"https:\/\/behavioralsurvey.com\/wp-content\/uploads\/2021\/05\/ssa_sms_redcross.html\" style=\"height:500px;width:100%;\">\n<\/iframe>","DataExportTag":"sms_redcross","QuestionType":"MC","Selector":"SAHR","SubSelector":"TX","DataVisibility":{"Private":false,"Hidden":false},"Configuration":{"QuestionDescriptionOption":"UseText","LabelPosition":"BELOW"},"QuestionDescription":"Is the following text message real or fake?","Choices":{"1":{"Display":"Real"},"2":{"Display":"Fake"}},"ChoiceOrder":["1","2"],"Validation":{"Settings":{"ForceResponse":"RequestResponse","ForceResponseType":"RequestResponse","Type":"None"}},"Language":[],"NextChoiceId":4,"NextAnswerId":1,"QuestionID":"QID62"}},{"SurveyID":"SV_0SsdnP75HEhASFw","Element":"SQ","PrimaryAttribute":"QID64","SecondaryAttribute":"Is the following text message real or fake?","TertiaryAttribute":null,"Payload":{"QuestionText":"<div><p>Is the following text message real or fake?<\/p><p> <\/p><\/div>\n<iframe src=\"https:\/\/behavioralsurvey.com\/wp-content\/uploads\/2021\/05\/ssa_sms_disability.html\" style=\"height:500px;width:100%;\">\n<\/iframe>","DataExportTag":"sms_disability","QuestionType":"MC","Selector":"SAHR","SubSelector":"TX","DataVisibility":{"Private":false,"Hidden":false},"Configuration":{"QuestionDescriptionOption":"UseText","LabelPosition":"BELOW"},"QuestionDescription":"Is the following text message real or fake?","Choices":{"1":{"Display":"Real"},"2":{"Display":"Fake"}},"ChoiceOrder":["1","2"],"Validation":{"Settings":{"ForceResponse":"RequestResponse","ForceResponseType":"RequestResponse","Type":"None"}},"Language":[],"NextChoiceId":4,"NextAnswerId":1,"QuestionID":"QID64"}},{"SurveyID":"SV_0SsdnP75HEhASFw","Element":"SQ","PrimaryAttribute":"QID49","SecondaryAttribute":"That's it! Your completion code is 7B074E4C. On the next page you'll be returned to Prolific -- t...","TertiaryAttribute":null,"Payload":{"QuestionText":"That's it!&nbsp; Your completion code is&nbsp;7B074E4C.&nbsp;&nbsp;On the next page you'll be returned to Prolific -- the completion code is embedded in the URL.&nbsp;","DefaultChoices":false,"DataExportTag":"Q40","QuestionID":"QID49","QuestionType":"DB","Selector":"TB","Configuration":{"QuestionDescriptionOption":"UseText"},"QuestionDescription":"That's it! Your completion code is 7B074E4C. On the next page you'll be returned to Prolific -- t...","ChoiceOrder":[],"Validation":{"Settings":{"Type":"None"}},"GradingData":[],"Language":[],"NextChoiceId":7,"NextAnswerId":1,"DataVisibility":{"Private":false,"Hidden":false}}},{"SurveyID":"SV_0SsdnP75HEhASFw","Element":"SQ","PrimaryAttribute":"QID36","SecondaryAttribute":"Welcome to the second part of the survey, \"Assessing Vulnerability to Social Security Scams\" \u00a0\u00a0 A.","TertiaryAttribute":null,"Payload":{"QuestionText":"<p><b>Welcome to the second part of the survey, \"Assessing Vulnerability to Social Security Scams\"<\/b><\/p><p><b>&nbsp;<\/b>&nbsp;<\/p>\n\n<p>As a reminder this is a study from the University of Wisconsin - Madison. The purpose of the research is to see whether participants can correctly identify messaging from the Social Security Administration and also correctly identify fake messages claiming to be from the Social Security Administration or other government entity. This study is confidential. Neither your name or any other identifiable information will be published.<\/p>\n<p><o:p>&nbsp;<\/o:p><\/p>\n\n<p>You may ask any questions about the research at any time. If you have questions about the research after you leave today you should contact the Principal Investigator Clifford A Robb at 608-262-3053.&nbsp;&nbsp; If you are not satisfied with response of research team, have more questions, or want to talk with someone about your rights as a research participant, you should contact the Education and Social\/Behavioral Science IRB Office at 608-265-4312.<\/p>\n\n<p><o:p>&nbsp;<\/o:p><\/p>\n\n<p>&nbsp;&nbsp;&nbsp;&nbsp;&nbsp;&nbsp;&nbsp;&nbsp;&nbsp;&nbsp;&nbsp;&nbsp;&nbsp;&nbsp;&nbsp;&nbsp; <o:p><\/o:p><\/p>\n\n<p><b>If you decide not to participate or to withdraw from the study, you may do so without penalty.<\/b><\/p>","DefaultChoices":false,"DataExportTag":"StudyInfo","QuestionType":"DB","Selector":"TB","Configuration":{"QuestionDescriptionOption":"UseText"},"QuestionDescription":"Welcome to the second part of the survey, \"Assessing Vulnerability to Social Security Scams\" \u00a0\u00a0 A...","ChoiceOrder":[],"Validation":{"Settings":{"Type":"None"}},"GradingData":[],"Language":[],"NextChoiceId":4,"NextAnswerId":1,"QuestionID":"QID36","DataVisibility":{"Private":false,"Hidden":false}}},{"SurveyID":"SV_0SsdnP75HEhASFw","Element":"SQ","PrimaryAttribute":"QID42","SecondaryAttribute":"What is your Prolific Id? (Required for payment)","TertiaryAttribute":null,"Payload":{"QuestionText":"What is your Prolific Id? (Required for payment)","DefaultChoices":false,"DataExportTag":"PID","QuestionType":"TE","Selector":"SL","Configuration":{"QuestionDescriptionOption":"UseText"},"QuestionDescription":"What is your Prolific Id? (Required for payment)","Validation":{"Settings":{"ForceResponse":"ON","ForceResponseType":"ON","Type":"None"}},"GradingData":[],"Language":[],"NextChoiceId":4,"NextAnswerId":1,"SearchSource":{"AllowFreeResponse":"false"},"QuestionID":"QID42","DataVisibility":{"Private":false,"Hidden":false}}},{"SurveyID":"SV_0SsdnP75HEhASFw","Element":"SQ","PrimaryAttribute":"QID55","SecondaryAttribute":"What's 4 + 3?","TertiaryAttribute":null,"Payload":{"QuestionText":"What's 4&nbsp; + 3?","DefaultChoices":false,"DataExportTag":"attentionCheck","QuestionType":"TE","Selector":"SL","Configuration":{"QuestionDescriptionOption":"UseText"},"QuestionDescription":"What's 4 + 3?","Validation":{"Settings":{"ForceResponse":"OFF","ForceResponseType":"ON","Type":"None"}},"GradingData":[],"Language":[],"NextChoiceId":4,"NextAnswerId":1,"SearchSource":{"AllowFreeResponse":"false"},"QuestionID":"QID55","DataVisibility":{"Private":false,"Hidden":false}}}]}