{"SurveyEntry":{"SurveyID":"SV_8c7MvRIjcSgD3im","SurveyName":"SSA_v6_Part1_Prolific","SurveyDescription":"ImportSurvey","SurveyOwnerID":"UR_6KCZbSNG5IiMAl0","SurveyBrandID":"uwmadison","DivisionID":null,"SurveyLanguage":"EN","SurveyActiveResponseSet":"RS_3IXPDsPP3GoscSy","SurveyStatus":"Active","SurveyStartDate":"0000-00-00 00:00:00","SurveyExpirationDate":"0000-00-00 00:00:00","SurveyCreationDate":"2021-07-23 11:10:47","CreatorID":"UR_6KCZbSNG5IiMAl0","LastModified":"2021-08-05 17:41:13","LastAccessed":"0000-00-00 00:00:00","LastActivated":"2021-07-23 11:16:13","Deleted":null},"SurveyElements":[{"SurveyID":"SV_8c7MvRIjcSgD3im","Element":"BL","PrimaryAttribute":"Survey Blocks","SecondaryAttribute":null,"TertiaryAttribute":null,"Payload":{"0":{"Type":"Default","Description":"Consent","ID":"BL_b2yKM73RNmpN9bM","Options":{"BlockLocking":"false","RandomizeQuestions":"false","BlockVisibility":"Expanded"},"BlockElements":[{"Type":"Question","QuestionID":"QID36"},{"Type":"Question","QuestionID":"QID37"}]},"1":{"Type":"Trash","Description":"Trash \/ Unused Questions","ID":"BL_4V3yOOyFQTZROmy","BlockElements":[]},"2":{"Type":"Standard","SubType":"","Description":"Demographics","ID":"BL_beYAkYYrt4nSlYG","BlockElements":[{"Type":"Question","QuestionID":"QID3"},{"Type":"Question","QuestionID":"QID5"},{"Type":"Question","QuestionID":"QID6"},{"Type":"Question","QuestionID":"QID2"},{"Type":"Question","QuestionID":"QID1"},{"Type":"Question","QuestionID":"QID7"}],"Options":{"BlockLocking":"false","RandomizeQuestions":"false","BlockVisibility":"Expanded"}},"3":{"Type":"Standard","SubType":"","Description":"Income","ID":"BL_e2RcmcIRjxzmJMi","BlockElements":[{"Type":"Question","QuestionID":"QID4"},{"Type":"Question","QuestionID":"QID8"},{"Type":"Question","QuestionID":"QID9"}]},"4":{"Type":"Standard","SubType":"","Description":"Trust","ID":"BL_022sqRGcCFLU6KW","BlockElements":[{"Type":"Question","QuestionID":"QID10"},{"Type":"Question","QuestionID":"QID11"},{"Type":"Question","QuestionID":"QID12"}]},"7":{"Type":"Standard","SubType":"","Description":"Arm4_Training","ID":"BL_1N3MmH4iRZQYQxU","BlockElements":[{"Type":"Question","QuestionID":"QID39"},{"Type":"Page Break"},{"Type":"Question","QuestionID":"QID25"},{"Type":"Question","QuestionID":"QID45"},{"Type":"Page Break"},{"Type":"Question","QuestionID":"QID46"},{"Type":"Page Break"},{"Type":"Question","QuestionID":"QID24"},{"Type":"Page Break"},{"Type":"Question","QuestionID":"QID44"},{"Type":"Page Break"},{"Type":"Question","QuestionID":"QID28"},{"Type":"Page Break"},{"Type":"Question","QuestionID":"QID29"},{"Type":"Page Break"},{"Type":"Question","QuestionID":"QID13"},{"Type":"Page Break"},{"Type":"Question","QuestionID":"QID27"},{"Type":"Page Break"},{"Type":"Question","QuestionID":"QID14"},{"Type":"Page Break"},{"Type":"Question","QuestionID":"QID47"},{"Type":"Page Break"},{"Type":"Question","QuestionID":"QID56"},{"Type":"Page Break"},{"Type":"Question","QuestionID":"QID57"}]},"8":{"Type":"Standard","SubType":"","Description":"Arm1_Control","ID":"BL_6htJKTp3u9dY6BE","BlockElements":[{"Type":"Question","QuestionID":"QID30"},{"Type":"Question","QuestionID":"QID31"}]},"9":{"Type":"Standard","SubType":"","Description":"Arm2_GeneralInfo","ID":"BL_9WZz7qGB9rQdH0y","BlockElements":[{"Type":"Question","QuestionID":"QID32"},{"Type":"Question","QuestionID":"QID33"}]},"10":{"Type":"Standard","SubType":"","Description":"Arm3_Tips","ID":"BL_8v8h6YCC5s70zdA","BlockElements":[{"Type":"Question","QuestionID":"QID34"},{"Type":"Question","QuestionID":"QID35"}]},"11":{"Type":"Standard","SubType":"","Description":"Attention","ID":"BL_1Mthm0YDI57SrRA","BlockElements":[{"Type":"Question","QuestionID":"QID55"},{"Type":"Page Break"},{"Type":"Question","QuestionID":"QID49"}]},"12":{"Type":"Standard","SubType":"","Description":"ProlificId","ID":"BL_9Srle0XUtkpx5vE","BlockElements":[{"Type":"Question","QuestionID":"QID42"},{"Type":"Question","QuestionID":"QID68"},{"Type":"Question","QuestionID":"QID52"}]},"14":{"Type":"Standard","SubType":"","Description":"Prior Experience","ID":"BL_8CVdnAlEDfyoKNM","BlockElements":[{"Type":"Question","QuestionID":"QID70"},{"Type":"Question","QuestionID":"QID71"},{"Type":"Question","QuestionID":"QID72"}]}}},{"SurveyID":"SV_8c7MvRIjcSgD3im","Element":"FL","PrimaryAttribute":"Survey Flow","SecondaryAttribute":null,"TertiaryAttribute":null,"Payload":{"Type":"Root","FlowID":"FL_1","Flow":[{"Type":"EmbeddedData","FlowID":"FL_17","EmbeddedData":[{"Description":"surveyArm","Type":"Custom","Field":"surveyArm","VariableType":"String","DataVisibility":[],"AnalyzeText":false,"Value":"notSet"}]},{"Type":"Block","ID":"BL_b2yKM73RNmpN9bM","FlowID":"FL_2","Autofill":[]},{"Type":"Branch","FlowID":"FL_16","Description":"New Branch","BranchLogic":{"0":{"0":{"LogicType":"Question","QuestionID":"QID37","QuestionIsInLoop":"no","ChoiceLocator":"q:\/\/QID37\/SelectableChoice\/3","Operator":"Selected","QuestionIDFromLocator":"QID37","LeftOperand":"q:\/\/QID37\/SelectableChoice\/3","Type":"Expression","Description":"<span class=\"ConjDesc\">If<\/span> <span class=\"QuestionDesc\">Do you consent to this research study?<\/span> <span class=\"LeftOpDesc\">No<\/span> <span class=\"OpDesc\">Is Selected<\/span> "},"Type":"If"},"Type":"BooleanExpression"},"Flow":[{"Type":"EndSurvey","FlowID":"FL_15","EndingType":"Advanced","Options":{"Advanced":"true","SurveyTermination":"DefaultMessage"}}]},{"Type":"Standard","ID":"BL_9Srle0XUtkpx5vE","FlowID":"FL_19","Autofill":[]},{"Type":"Standard","ID":"BL_022sqRGcCFLU6KW","FlowID":"FL_5","Autofill":[]},{"Type":"Standard","ID":"BL_e2RcmcIRjxzmJMi","FlowID":"FL_4","Autofill":[]},{"Type":"BlockRandomizer","FlowID":"FL_13","SubSet":1,"EvenPresentation":true,"Flow":[{"Type":"Standard","ID":"BL_6htJKTp3u9dY6BE","FlowID":"FL_10","Autofill":[]},{"Type":"Standard","ID":"BL_9WZz7qGB9rQdH0y","FlowID":"FL_11","Autofill":[]},{"Type":"Standard","ID":"BL_8v8h6YCC5s70zdA","FlowID":"FL_12","Autofill":[]},{"Type":"Block","ID":"BL_1N3MmH4iRZQYQxU","FlowID":"FL_9","Autofill":[]}]},{"Type":"WebService","FlowID":"FL_20","URL":"https:\/\/k2gy69kvfc.execute-api.us-east-2.amazonaws.com\/prod\/email","Method":"POST","RequestParams":[],"EditBodyParams":[{"key":"userId","value":"${q:\/\/QID42\/ChoiceTextEntryValue}"},{"key":"gophishGroupName","value":"SSA v6"},{"key":"interventionId","value":"${e:\/\/Field\/surveyArm}"},{"key":"researcherName","value":"Steve"},{"key":"researchName","value":"SSA Fraud v6 Prolific"},{"key":"firstName","value":"${q:\/\/QID68\/ChoiceTextEntryValue}","parameterType":"String"}],"Body":{"userId":"${q:\/\/QID42\/ChoiceTextEntryValue}","gophishGroupName":"SSA v6","interventionId":"${e:\/\/Field\/surveyArm}","researcherName":"Steve","researchName":"SSA Fraud v6 Prolific","firstName":"${q:\/\/QID68\/ChoiceTextEntryValue}"},"ContentType":"application\/json","Headers":[],"ResponseMap":[{"key":"statusCode","value":"statusCode"},{"key":"body","value":"body"},{"key":"body.url","value":"autologinURL"},{"key":"body.emailUser","value":"rainloopUser"},{"key":"body.password","value":"rainloopPass"}],"FireAndForget":false,"SchemaVersion":0,"StringifyValues":true},{"Type":"Standard","ID":"BL_beYAkYYrt4nSlYG","FlowID":"FL_3","Autofill":[]},{"Type":"Standard","ID":"BL_8CVdnAlEDfyoKNM","FlowID":"FL_22","Autofill":[]},{"Type":"Standard","ID":"BL_1Mthm0YDI57SrRA","FlowID":"FL_18","Autofill":[]}],"Properties":{"Count":22,"RemovedFieldsets":[]}}},{"SurveyID":"SV_8c7MvRIjcSgD3im","Element":"RS","PrimaryAttribute":"RS_3IXPDsPP3GoscSy","SecondaryAttribute":null,"TertiaryAttribute":null,"Payload":null},{"SurveyID":"SV_8c7MvRIjcSgD3im","Element":"SO","PrimaryAttribute":"Survey Options","SecondaryAttribute":null,"TertiaryAttribute":null,"Payload":{"BackButton":"false","SaveAndContinue":"false","SurveyProtection":"PublicSurvey","BallotBoxStuffingPrevention":"false","NoIndex":"Yes","SecureResponseFiles":"true","SurveyExpiration":null,"SurveyTermination":"Redirect","Header":"","Footer":"","ProgressBarDisplay":"None","PartialData":"+1 day","ValidationMessage":null,"PreviousButton":" \u2190 ","NextButton":" \u2192 ","SurveyTitle":"Online Survey Software | Qualtrics Survey Solutions","SkinLibrary":"uwmadison","SkinType":"templated","Skin":{"brandingId":null,"templateId":"*base","overrides":null},"NewScoring":1,"EOSMessage":"MS_3TWVLGZnCQ99ts2","ShowExportTags":"false","CollectGeoLocation":"false","SurveyMetaDescription":"The most powerful, simple and trusted way to gather experience data. Start your journey to experience management and try a free account today.","PasswordProtection":"No","AnonymizeResponse":"No","Password":"","RefererCheck":"No","RefererURL":"http:\/\/","RelevantID":"false","RelevantIDLockoutPeriod":"+30 days","UseCustomSurveyLinkCompletedMessage":null,"SurveyLinkCompletedMessage":"","SurveyLinkCompletedMessageLibrary":"","ResponseSummary":"No","EOSMessageLibrary":"UR_6KCZbSNG5IiMAl0","EOSRedirectURL":"https:\/\/app.prolific.co\/submissions\/complete?cc=7B074E4C","EmailThankYou":"false","ThankYouEmailMessageLibrary":null,"ThankYouEmailMessage":null,"ValidateMessage":"true","ValidationMessageLibrary":null,"InactiveSurvey":"DefaultMessage","PartialDeletion":null,"PartialDataCloseAfter":"LastActivity","ActiveResponseSet":null,"InactiveMessageLibrary":"","InactiveMessage":"","AvailableLanguages":{"EN":[]},"CustomStyles":[],"ProtectSelectionIds":true}},{"SurveyID":"SV_8c7MvRIjcSgD3im","Element":"SCO","PrimaryAttribute":"Scoring","SecondaryAttribute":null,"TertiaryAttribute":null,"Payload":{"ScoringCategories":[],"ScoringCategoryGroups":[],"ScoringSummaryCategory":null,"ScoringSummaryAfterQuestions":0,"ScoringSummaryAfterSurvey":0,"DefaultScoringCategory":null,"AutoScoringCategory":null}},{"SurveyID":"SV_8c7MvRIjcSgD3im","Element":"PROJ","PrimaryAttribute":"CORE","SecondaryAttribute":null,"TertiaryAttribute":"1.1.0","Payload":{"ProjectCategory":"CORE","SchemaVersion":"1.1.0"}},{"SurveyID":"SV_8c7MvRIjcSgD3im","Element":"STAT","PrimaryAttribute":"Survey Statistics","SecondaryAttribute":null,"TertiaryAttribute":null,"Payload":{"MobileCompatible":true,"ID":"Survey Statistics"}},{"SurveyID":"SV_8c7MvRIjcSgD3im","Element":"SQ","PrimaryAttribute":"QID35","SecondaryAttribute":" ","TertiaryAttribute":null,"Payload":{"QuestionText":"<iframe src=\"https:\/\/behavioralsurvey.com\/wp-content\/uploads\/2021\/02\/protectyourself_simple.html\" style=\"height:500px;width:100%;\">\n<\/iframe>","DefaultChoices":false,"DataExportTag":"tips_protectyourself","QuestionType":"DB","Selector":"TB","Configuration":{"QuestionDescriptionOption":"UseText"},"QuestionDescription":" ","ChoiceOrder":[],"Validation":{"Settings":{"Type":"None"}},"GradingData":[],"Language":[],"NextChoiceId":4,"NextAnswerId":1,"QuestionID":"QID35","DataVisibility":{"Private":false,"Hidden":false}}},{"SurveyID":"SV_8c7MvRIjcSgD3im","Element":"QC","PrimaryAttribute":"Survey Question Count","SecondaryAttribute":"72","TertiaryAttribute":null,"Payload":null},{"SurveyID":"SV_8c7MvRIjcSgD3im","Element":"SQ","PrimaryAttribute":"QID52","SecondaryAttribute":"Click to write the question text","TertiaryAttribute":null,"Payload":{"QuestionText":"Click to write the question text","DefaultChoices":false,"DataExportTag":"Meta","QuestionType":"Meta","Selector":"Browser","Configuration":{"QuestionDescriptionOption":"UseText"},"QuestionDescription":"Click to write the question text","Choices":{"1":{"Display":"Browser","TextEntry":1},"2":{"Display":"Version","TextEntry":1},"3":{"Display":"Operating System","TextEntry":1},"4":{"Display":"Screen Resolution","TextEntry":1},"5":{"Display":"Flash Version","TextEntry":1},"6":{"Display":"Java Support","TextEntry":1},"7":{"Display":"User Agent","TextEntry":1}},"GradingData":[],"Language":[],"NextChoiceId":4,"NextAnswerId":1,"QuestionID":"QID52"}},{"SurveyID":"SV_8c7MvRIjcSgD3im","Element":"SQ","PrimaryAttribute":"QID71","SecondaryAttribute":"Did you lose money from any of the scammers you listed above? ","TertiaryAttribute":null,"Payload":{"QuestionText":"Did you lose money from any of the scammers you listed above?&nbsp;","DefaultChoices":false,"DataExportTag":"lose_money","QuestionType":"MC","Selector":"SAVR","SubSelector":"TX","Configuration":{"QuestionDescriptionOption":"UseText"},"QuestionDescription":"Did you lose money from any of the scammers you listed above? ","Choices":{"1":{"Display":"Yes"},"2":{"Display":"No"},"3":{"Display":"Not Sure"}},"ChoiceOrder":["1","2","3"],"Validation":{"Settings":{"ForceResponse":"OFF","Type":"None"}},"GradingData":[],"Language":[],"NextChoiceId":4,"NextAnswerId":1,"QuestionID":"QID71","DisplayLogic":{"0":{"0":{"ChoiceLocator":"q:\/\/QID70\/SelectedChoicesCount","Description":"<span class=\"ConjDesc\">If<\/span> <span class=\"QuestionDesc\">Have you previously been targeted by any of the following scammers?&amp;nbsp; &amp;nbsp;This could be from a person at your door, a call, an email, or any other means.<\/span> <span class=\"LeftOpDesc\">q:\/\/QID70\/SelectedChoicesCount<\/span> <span class=\"OpDesc\">Is Greater Than<\/span> <span class=\"RightOpDesc\"> 0 <\/span>","LeftOperand":"q:\/\/QID70\/SelectedChoicesCount","LogicType":"Question","Operator":"GreaterThan","QuestionID":"QID70","QuestionIDFromLocator":"QID70","QuestionIsInLoop":"no","RightOperand":"0","Type":"Expression"},"Type":"If"},"Type":"BooleanExpression","inPage":false},"DataVisibility":{"Private":false,"Hidden":false}}},{"SurveyID":"SV_8c7MvRIjcSgD3im","Element":"SQ","PrimaryAttribute":"QID37","SecondaryAttribute":"Do you consent to this research study?","TertiaryAttribute":null,"Payload":{"QuestionText":"Do you consent to this research study?","DataExportTag":"Consent","QuestionType":"MC","Selector":"SAVR","SubSelector":"TX","Configuration":{"QuestionDescriptionOption":"UseText"},"QuestionDescription":"Do you consent to this research study?","Choices":{"1":{"Display":"Yes"},"3":{"Display":"No"}},"ChoiceOrder":["1","3"],"Validation":{"Settings":{"ForceResponse":"ON","ForceResponseType":"ON","Type":"None"}},"Language":[],"NextChoiceId":4,"NextAnswerId":1,"QuestionID":"QID37","DataVisibility":{"Private":false,"Hidden":false}}},{"SurveyID":"SV_8c7MvRIjcSgD3im","Element":"SQ","PrimaryAttribute":"QID11","SecondaryAttribute":"Do you think most people...","TertiaryAttribute":null,"Payload":{"QuestionText":"Do you think most people...","QuestionID":"QID11","QuestionType":"MC","Selector":"SAVR","SubSelector":"TX","QuestionDescription":"Do you think most people...","Choices":{"1":{"Display":"Would try to take advantage of you if they got a chance"},"2":{"Display":"Would try to be fair no matter what"}},"Validation":{"Settings":{"ForceResponseType":"ON","Type":"None"}},"Language":[],"DataExportTag":"TakeAdvantage","DataVisibility":{"Private":false,"Hidden":false},"Configuration":{"QuestionDescriptionOption":"UseText"},"ChoiceOrder":["1","2"],"NextChoiceId":3,"NextAnswerId":1}},{"SurveyID":"SV_8c7MvRIjcSgD3im","Element":"SQ","PrimaryAttribute":"QID44","SecondaryAttribute":"FAKE. See tips below on what to look for in the message.\u00a0\u00a0\u00a0 \u00a0\u00a0","TertiaryAttribute":null,"Payload":{"QuestionText":"<p><span style=\"font-size:19px;\"><strong><font size=\"+2\">FAKE<\/font><\/strong>. See tips below on what to look for in the message.&nbsp;&nbsp;<\/span>&nbsp; &nbsp;&nbsp;<\/p>\n\n<iframe src=\"https:\/\/behavioralsurvey.com\/wp-content\/uploads\/2021\/05\/ssa_cyberAttack.html?showOverlays=true\" style=\"height:500px;width:100%;\">\n<\/iframe>","DefaultChoices":false,"DataExportTag":"CyberAttack_Answer","QuestionID":"QID44","QuestionType":"DB","Selector":"TB","DataVisibility":{"Private":false,"Hidden":false},"Configuration":{"QuestionDescriptionOption":"UseText"},"QuestionDescription":"FAKE. See tips below on what to look for in the message.\u00a0\u00a0\u00a0 \u00a0\u00a0","ChoiceOrder":[],"Validation":{"Settings":{"Type":"None"}},"GradingData":[],"Language":[],"NextChoiceId":4,"NextAnswerId":1}},{"SurveyID":"SV_8c7MvRIjcSgD3im","Element":"SQ","PrimaryAttribute":"QID47","SecondaryAttribute":"FAKE. See tips below on what to look for in the message.\u00a0\u00a0\u00a0 \u00a0\u00a0","TertiaryAttribute":null,"Payload":{"QuestionText":"<p><span style=\"font-size:19px;\"><strong><font size=\"+2\">FAKE<\/font><\/strong>. See tips below on what to look for in the message.&nbsp;&nbsp;<\/span>&nbsp; &nbsp;&nbsp;<\/p>\n\n<iframe src=\"https:\/\/behavioralsurvey.com\/wp-content\/uploads\/2021\/05\/ssa_getProtected.html?showOverlays=true\" style=\"height:500px;width:100%;\">\n<\/iframe>","DefaultChoices":false,"DataExportTag":"GetProt_Answer","QuestionID":"QID47","QuestionType":"DB","Selector":"TB","DataVisibility":{"Private":false,"Hidden":false},"Configuration":{"QuestionDescriptionOption":"UseText"},"QuestionDescription":"FAKE. See tips below on what to look for in the message.\u00a0\u00a0\u00a0 \u00a0\u00a0","ChoiceOrder":[],"Validation":{"Settings":{"Type":"None"}},"GradingData":[],"Language":[],"NextChoiceId":4,"NextAnswerId":1}},{"SurveyID":"SV_8c7MvRIjcSgD3im","Element":"SQ","PrimaryAttribute":"QID10","SecondaryAttribute":"Generally speaking, would you say that...","TertiaryAttribute":null,"Payload":{"QuestionText":"Generally speaking, would you say that...","QuestionID":"QID10","QuestionType":"MC","Selector":"SAVR","SubSelector":"TX","QuestionDescription":"Generally speaking, would you say that...","Choices":{"1":{"Display":"Most people can be trusted"},"2":{"Display":"Most people can't be trusted"}},"Validation":{"Settings":{"ForceResponseType":"ON","Type":"None"}},"Language":[],"DataExportTag":"GeneralTrust","DataVisibility":{"Private":false,"Hidden":false},"Configuration":{"QuestionDescriptionOption":"UseText"},"ChoiceOrder":["1","2"],"NextChoiceId":3,"NextAnswerId":1}},{"SurveyID":"SV_8c7MvRIjcSgD3im","Element":"SQ","PrimaryAttribute":"QID70","SecondaryAttribute":"Have you previously been targeted by any of the following scammers? This could be from a person a...","TertiaryAttribute":null,"Payload":{"QuestionText":"Have you previously been targeted by any of the following scammers?&nbsp; &nbsp;This could be from a person at your door, a call, an email, or any other means.","DefaultChoices":false,"DataExportTag":"Previous Fraud","QuestionType":"MC","Selector":"MAVR","SubSelector":"TX","Configuration":{"QuestionDescriptionOption":"UseText"},"QuestionDescription":"Have you previously been targeted by any of the following scammers? This could be from a person a...","Choices":{"1":{"Display":"Someone claiming to be from the Social Security Administration (but wasn't)"},"2":{"Display":"Someone claiming to be from the IRS (but wasn't)"},"3":{"Display":"Someone claiming to be from another government agency (but wasn't)"},"4":{"Display":"Someone claiming to be from your company (but wasn't)"},"5":{"Display":"Someone otherwise claiming to be from an organization or group they weren't really from"},"6":{"Display":"Someone selling fraudulent goods or services"},"7":{"Display":"Other"}},"ChoiceOrder":["1","2","3","4","5","6","7"],"Validation":{"Settings":{"ForceResponse":"OFF","Type":"None"}},"GradingData":[],"Language":[],"NextChoiceId":8,"NextAnswerId":1,"QuestionID":"QID70","DataVisibility":{"Private":false,"Hidden":false}}},{"SurveyID":"SV_8c7MvRIjcSgD3im","Element":"SQ","PrimaryAttribute":"QID1","SecondaryAttribute":"How would you describe your gender?","TertiaryAttribute":null,"Payload":{"QuestionText":"How would you describe your gender?\n","QuestionID":"QID1","QuestionType":"MC","Selector":"SAVR","SubSelector":"TX","QuestionDescription":"How would you describe your gender?","Choices":{"1":{"Display":"Male"},"2":{"Display":"Female"},"3":{"Display":"Other"},"4":{"Display":"Prefer not to answer"}},"Validation":{"Settings":{"ForceResponseType":"ON","Type":"None"}},"Language":[],"DataExportTag":"Gender","DataVisibility":{"Private":false,"Hidden":false},"Configuration":{"QuestionDescriptionOption":"UseText","LabelPosition":"BELOW"},"ChoiceOrder":["1","2","3","4"],"NextChoiceId":5,"NextAnswerId":1}},{"SurveyID":"SV_8c7MvRIjcSgD3im","Element":"SQ","PrimaryAttribute":"QID25","SecondaryAttribute":"In this section, you'll see a series of messages.\u00a0 Please review each one, and fill out the surve..","TertiaryAttribute":null,"Payload":{"QuestionText":"<div><strong><br><\/strong><\/div><div><strong>In this section, you'll see a series of messages.&nbsp; Please review each one, and fill out the survey question below it to indicate whether&nbsp;<\/strong><span style=\"font-weight: bolder;\"><span style=\"font-weight: bolder;\">it is a legitimate Social Security Administration message (\"real\") or a fraudulent message (\"fake\")<\/span><\/span><strong>.&nbsp; <\/strong><span style=\"font-weight: bolder;\">After you respond, you'll receive more information about each one and further tips on what to look for.<\/span><br><br><b>You can hover over links and expand the headers (by clicking on the ^ symbol to the right of \"to Me\" on the top of the message), as you would with a normal email.&nbsp;&nbsp;<br><\/b><p><br><\/p><div><span style=\"font-weight: 700;\">The goal is to identify which ones are fake,&nbsp;<i>without mislabeling the real ones as fake.<\/i><\/span><\/div><div><br><\/div><div><strong>For the purposes of these questions, assume someone in your family has created an online account with the Social Security Administration in the past.&nbsp;&nbsp;<\/strong><\/div><\/div>","DefaultChoices":false,"DataExportTag":"training_instruction","QuestionType":"DB","Selector":"TB","Configuration":{"QuestionDescriptionOption":"UseText"},"QuestionDescription":"In this section, you'll see a series of messages.\u00a0 Please review each one, and fill out the surve...","ChoiceOrder":[],"Validation":{"Settings":{"Type":"None"}},"GradingData":[],"Language":[],"NextChoiceId":4,"NextAnswerId":1,"QuestionID":"QID25","DataVisibility":{"Private":false,"Hidden":false}}},{"SurveyID":"SV_8c7MvRIjcSgD3im","Element":"SQ","PrimaryAttribute":"QID30","SecondaryAttribute":"Internet Addiction is a serious problem, potentially affecting millions of Americans.\u00a0 An article..","TertiaryAttribute":null,"Payload":{"QuestionText":"<script> \nQualtrics.SurveyEngine.setEmbeddedData(\"surveyArm\", \"arm1_control\");\n<\/script>\n\n<div><br><\/div><div><span style=\"font-size: 16px;\"><span style=\"font-weight: 700;\">Internet Addiction is a serious problem, potentially affecting millions of Americans.&nbsp; An article on WebMD provides provides the following information to help you identify and combat it. Please review it carefully.<\/span><\/span><\/div>","DefaultChoices":false,"DataExportTag":"control_intro","QuestionType":"DB","Selector":"TB","Configuration":{"QuestionDescriptionOption":"UseText"},"QuestionDescription":"Internet Addiction is a serious problem, potentially affecting millions of Americans.\u00a0 An article...","ChoiceOrder":[],"Validation":{"Settings":{"Type":"None"}},"GradingData":[],"Language":[],"NextChoiceId":4,"NextAnswerId":1,"QuestionID":"QID30","DataVisibility":{"Private":false,"Hidden":false}}},{"SurveyID":"SV_8c7MvRIjcSgD3im","Element":"SQ","PrimaryAttribute":"QID24","SecondaryAttribute":"Is the following message real or fake (+1 point for a correct answer)?","TertiaryAttribute":null,"Payload":{"QuestionText":"<p>Is the following message real or fake (+1 point for a correct answer)?<\/p><p> <\/p>\n<iframe src=\"https:\/\/behavioralsurvey.com\/wp-content\/uploads\/2021\/05\/ssa_cyberAttack.html\" style=\"height:500px;width:100%;\">\n<\/iframe>","DataExportTag":"CyberAttack","QuestionType":"MC","Selector":"SAHR","SubSelector":"TX","DataVisibility":{"Private":false,"Hidden":false},"Configuration":{"QuestionDescriptionOption":"UseText","LabelPosition":"BELOW"},"QuestionDescription":"Is the following message real or fake (+1 point for a correct answer)?","Choices":{"1":{"Display":"Real"},"2":{"Display":"Fake"}},"ChoiceOrder":["1","2"],"Validation":{"Settings":{"ForceResponse":"RequestResponse","ForceResponseType":"RequestResponse","Type":"None"}},"Language":[],"NextChoiceId":4,"NextAnswerId":1,"QuestionID":"QID24"}},{"SurveyID":"SV_8c7MvRIjcSgD3im","Element":"SQ","PrimaryAttribute":"QID28","SecondaryAttribute":"Is the following message real or fake (+1 point for a correct answer)?","TertiaryAttribute":null,"Payload":{"QuestionText":"<div><p><span>Is the following message real or fake (+1 point for a correct answer)?<\/span><\/p><p> <\/p><\/div>\n<iframe src=\"https:\/\/behavioralsurvey.com\/wp-content\/uploads\/2021\/05\/ssa_covidBenefits.html\" style=\"height:500px;width:100%;\">\n<\/iframe>","DataExportTag":"CovidSSA","QuestionType":"MC","Selector":"SAHR","SubSelector":"TX","Configuration":{"QuestionDescriptionOption":"UseText","LabelPosition":"BELOW"},"QuestionDescription":"Is the following message real or fake (+1 point for a correct answer)?","Choices":{"1":{"Display":"Real"},"2":{"Display":"Fake"}},"ChoiceOrder":["1","2"],"Validation":{"Settings":{"ForceResponse":"RequestResponse","ForceResponseType":"RequestResponse","Type":"None"}},"Language":[],"NextChoiceId":4,"NextAnswerId":1,"QuestionID":"QID28","DataVisibility":{"Private":false,"Hidden":false}}},{"SurveyID":"SV_8c7MvRIjcSgD3im","Element":"SQ","PrimaryAttribute":"QID45","SecondaryAttribute":"Is the following message real or fake (+1 point for a correct answer)?","TertiaryAttribute":null,"Payload":{"QuestionText":"<p><span>Is the following message real or fake (+1 point for a correct answer)?<\/span><\/p><p> <\/p>\n<iframe src=\"https:\/\/behavioralsurvey.com\/wp-content\/uploads\/2021\/05\/ssa_protectYourself.html\" style=\"height:500px;width:100%;\">\n<\/iframe>","DataExportTag":"ProtectYourself","QuestionType":"MC","Selector":"SAHR","SubSelector":"TX","DataVisibility":{"Private":false,"Hidden":false},"Configuration":{"QuestionDescriptionOption":"UseText","LabelPosition":"BELOW"},"QuestionDescription":"Is the following message real or fake (+1 point for a correct answer)?","Choices":{"1":{"Display":"Real"},"2":{"Display":"Fake"}},"ChoiceOrder":["1","2"],"Validation":{"Settings":{"ForceResponse":"RequestResponse","ForceResponseType":"RequestResponse","Type":"None"}},"Language":[],"NextChoiceId":4,"NextAnswerId":1,"QuestionID":"QID45"}},{"SurveyID":"SV_8c7MvRIjcSgD3im","Element":"SQ","PrimaryAttribute":"QID56","SecondaryAttribute":"Is this letter real or fake?","TertiaryAttribute":null,"Payload":{"QuestionText":"<div><p>Is this letter real or fake?<\/p><p> <\/p><\/div>\n<iframe src=\"https:\/\/behavioralsurvey.com\/wp-content\/uploads\/2021\/05\/ssa_letter_disabilityFavorableReview.html\" style=\"height:500px;width:100%;\">\n<\/iframe>","DataExportTag":"lt_favorable","QuestionType":"MC","Selector":"SAHR","SubSelector":"TX","DataVisibility":{"Private":false,"Hidden":false},"Configuration":{"QuestionDescriptionOption":"UseText","LabelPosition":"BELOW"},"QuestionDescription":"Is this letter real or fake?","Choices":{"1":{"Display":"Real"},"2":{"Display":"Fake"}},"ChoiceOrder":["1","2"],"Validation":{"Settings":{"ForceResponse":"RequestResponse","ForceResponseType":"RequestResponse","Type":"None"}},"Language":[],"NextChoiceId":4,"NextAnswerId":1,"QuestionID":"QID56"}},{"SurveyID":"SV_8c7MvRIjcSgD3im","Element":"SQ","PrimaryAttribute":"QID13","SecondaryAttribute":"Is this message real or fake (+1 point for a correct answer)?","TertiaryAttribute":null,"Payload":{"QuestionText":"<p><span>Is this message real or fake (+1 point for a correct answer)?<\/span><\/p><p> <\/p>\n<iframe src=\"https:\/\/behavioralsurvey.com\/wp-content\/uploads\/2021\/05\/ssa_annualReminder.html\" style=\"height:500px;width:100%;\">\n<\/iframe>","QuestionID":"QID13","QuestionType":"MC","Selector":"SAHR","SubSelector":"TX","QuestionDescription":"Is this message real or fake (+1 point for a correct answer)?","Choices":{"1":{"Display":"Real"},"2":{"Display":"Fake"}},"Validation":{"Settings":{"ForceResponse":"RequestResponse","ForceResponseType":"RequestResponse","Type":"None"}},"Language":[],"DataExportTag":"AnnualReminder","DataVisibility":{"Private":false,"Hidden":false},"Configuration":{"QuestionDescriptionOption":"UseText","LabelPosition":"BELOW"},"ChoiceOrder":["1","2"],"NextChoiceId":4,"NextAnswerId":1}},{"SurveyID":"SV_8c7MvRIjcSgD3im","Element":"SQ","PrimaryAttribute":"QID14","SecondaryAttribute":"Is this message real or fake? (+1 point for a correct answer)","TertiaryAttribute":null,"Payload":{"QuestionText":"<div><p>Is this message real or fake? (+1 point for a correct answer)<\/p><p> <\/p><\/div>\n<iframe src=\"https:\/\/behavioralsurvey.com\/wp-content\/uploads\/2021\/05\/ssa_getProtected.html\" style=\"height:500px;width:100%;\">\n<\/iframe>","QuestionID":"QID14","QuestionType":"MC","Selector":"SAHR","SubSelector":"TX","QuestionDescription":"Is this message real or fake? (+1 point for a correct answer)","Choices":{"1":{"Display":"Real"},"2":{"Display":"Fake"}},"Validation":{"Settings":{"ForceResponse":"RequestResponse","ForceResponseType":"RequestResponse","Type":"None"}},"Language":[],"DataExportTag":"GetProtected","DataVisibility":{"Private":false,"Hidden":false},"Configuration":{"QuestionDescriptionOption":"UseText","LabelPosition":"BELOW"},"ChoiceOrder":["1","2"],"NextChoiceId":4,"NextAnswerId":1}},{"SurveyID":"SV_8c7MvRIjcSgD3im","Element":"SQ","PrimaryAttribute":"QID27","SecondaryAttribute":"REAL. See below on learn why it's real.\u00a0\u00a0\u00a0 \u00a0\u00a0","TertiaryAttribute":null,"Payload":{"QuestionText":"<p><span style=\"font-size:19px;\"><strong><font size=\"+2\">REAL<\/font><\/strong>. See below on learn why it's real.&nbsp;&nbsp;<\/span>&nbsp; &nbsp;&nbsp;<\/p>\n\n<iframe id=\"annualreminder_real_popup\" src=\"https:\/\/behavioralsurvey.com\/wp-content\/uploads\/2021\/05\/ssa_annualReminder.html?showOverlays=true\" style=\"height:500px;width:100%;\">\n<\/iframe>","DefaultChoices":false,"DataExportTag":"Annual_Answer","QuestionType":"DB","Selector":"TB","Configuration":{"QuestionDescriptionOption":"UseText"},"ChoiceOrder":[],"Validation":{"Settings":{"Type":"None"}},"GradingData":[],"Language":[],"NextChoiceId":4,"NextAnswerId":1,"QuestionID":"QID27","QuestionDescription":"REAL. See below on learn why it's real.\u00a0\u00a0\u00a0 \u00a0\u00a0","DataVisibility":{"Private":false,"Hidden":false}}},{"SurveyID":"SV_8c7MvRIjcSgD3im","Element":"SQ","PrimaryAttribute":"QID57","SecondaryAttribute":"REAL. See below on learn why its real.\u00a0\u00a0\u00a0 \u00a0\u00a0","TertiaryAttribute":null,"Payload":{"QuestionText":"<p><span style=\"font-size:19px;\"><strong><font size=\"+2\">REAL<\/font><\/strong>. See below on learn why its real.&nbsp;&nbsp;<\/span>&nbsp; &nbsp;&nbsp;<\/p>\n\n<iframe src=\"https:\/\/behavioralsurvey.com\/wp-content\/uploads\/2021\/05\/ssa_letter_disabilityFavorableReview.html?showOverlays=true\" style=\"height:500px;width:100%;\">\n<\/iframe>","DefaultChoices":false,"DataExportTag":"lt_favorable_answer","QuestionType":"DB","Selector":"TB","DataVisibility":{"Private":false,"Hidden":false},"Configuration":{"QuestionDescriptionOption":"UseText"},"QuestionDescription":"REAL. See below on learn why its real.\u00a0\u00a0\u00a0 \u00a0\u00a0","ChoiceOrder":[],"Validation":{"Settings":{"Type":"None"}},"GradingData":[],"Language":[],"NextChoiceId":4,"NextAnswerId":1,"QuestionID":"QID57"}},{"SurveyID":"SV_8c7MvRIjcSgD3im","Element":"SQ","PrimaryAttribute":"QID46","SecondaryAttribute":"REAL. See below to learn why.\u00a0\u00a0\u00a0 \u00a0\u00a0","TertiaryAttribute":null,"Payload":{"QuestionText":"<p><span style=\"font-size:19px;\"><strong><font size=\"+2\">REAL<\/font><\/strong>. See below to learn why.&nbsp;&nbsp;<\/span>&nbsp; &nbsp;&nbsp;<\/p>\n\n<iframe src=\"https:\/\/behavioralsurvey.com\/wp-content\/uploads\/2021\/05\/ssa_protectYourself.html?showOverlays=true\" style=\"height:500px;width:100%;\">\n<\/iframe>","DefaultChoices":false,"DataExportTag":"ProtectU_Answer","QuestionID":"QID46","QuestionType":"DB","Selector":"TB","DataVisibility":{"Private":false,"Hidden":false},"Configuration":{"QuestionDescriptionOption":"UseText"},"QuestionDescription":"REAL. See below to learn why.\u00a0\u00a0\u00a0 \u00a0\u00a0","ChoiceOrder":[],"Validation":{"Settings":{"Type":"None"}},"GradingData":[],"Language":[],"NextChoiceId":4,"NextAnswerId":1}},{"SurveyID":"SV_8c7MvRIjcSgD3im","Element":"SQ","PrimaryAttribute":"QID72","SecondaryAttribute":"Roughly how much did you lose, in total, across all of the scams? ","TertiaryAttribute":null,"Payload":{"QuestionText":"Roughly how much did you lose, in total, across all of the scams?&nbsp;","DefaultChoices":false,"DataExportTag":"amount_lost","QuestionType":"TE","Selector":"SL","Configuration":{"QuestionDescriptionOption":"UseText"},"QuestionDescription":"Roughly how much did you lose, in total, across all of the scams? ","Validation":{"Settings":{"ForceResponse":"OFF","Type":"None"}},"GradingData":[],"Language":[],"NextChoiceId":4,"NextAnswerId":1,"SearchSource":{"AllowFreeResponse":"false"},"QuestionID":"QID72","DisplayLogic":{"0":{"0":{"LogicType":"Question","QuestionID":"QID71","QuestionIsInLoop":"no","ChoiceLocator":"q:\/\/QID71\/SelectableChoice\/1","Operator":"Selected","QuestionIDFromLocator":"QID71","LeftOperand":"q:\/\/QID71\/SelectableChoice\/1","Type":"Expression","Description":"<span class=\"ConjDesc\">If<\/span> <span class=\"QuestionDesc\">Did you lose money from any of the scammers you listed above?&amp;nbsp;<\/span> <span class=\"LeftOpDesc\">Yes<\/span> <span class=\"OpDesc\">Is Selected<\/span> "},"Type":"If"},"Type":"BooleanExpression","inPage":false}}},{"SurveyID":"SV_8c7MvRIjcSgD3im","Element":"SQ","PrimaryAttribute":"QID33","SecondaryAttribute":"Social Security Fraud is a serious problem, affecting millions of Americans.\u00a0 The following infor..","TertiaryAttribute":null,"Payload":{"QuestionText":"<div><span style=\"font-weight: bolder;\">Social Security Fraud is a serious problem, affecting millions of Americans.<\/span>&nbsp; The following information can help you identify and combat this fraud. Please review it carefully.&nbsp;<br><br><p>Fraudsters may seek to learn your social security number to commit identity theft, or even to steal your social security benefits. The problem is that the Social Security Administration&nbsp;does&nbsp;contact people, so you can't simply ignore all messages that look like they are from the SSA. Instead, you can learn how to tell the difference between real and fake communications.<br><br>Here are key warning signs, that tell you a message isn't really from the&nbsp;Social Security Administration:<\/p><br>1) Email addresses that aren't from ssa.gov or myssa.gov. Remember to expand and look at the email headers, not just the name that appears at the top of the email (which can be easily faked).&nbsp;<br>2) Links to websites that aren't&nbsp;ssa.gov or myssa.gov. Hover over a link to see where it really goes, before clicking on it.<br>3) Requests to verify your SSN number or contact information. The SSA already knows your SSN number!<br>4) Any requests for money&nbsp;or even offers of money.&nbsp; Scammers can use the offer of money to get your bank account information and rob you.&nbsp;&nbsp;<\/div>","DefaultChoices":false,"DataExportTag":"what_is_ssafraud","QuestionType":"DB","Selector":"TB","Configuration":{"QuestionDescriptionOption":"UseText"},"QuestionDescription":"Social Security Fraud is a serious problem, affecting millions of Americans.\u00a0 The following infor...","ChoiceOrder":[],"Validation":{"Settings":{"Type":"None"}},"GradingData":[],"Language":[],"NextChoiceId":4,"NextAnswerId":1,"QuestionID":"QID33","DataVisibility":{"Private":false,"Hidden":false}}},{"SurveyID":"SV_8c7MvRIjcSgD3im","Element":"SQ","PrimaryAttribute":"QID39","SecondaryAttribute":"Social Security Fraud is a serious problem, affecting millions of Americans.\u00a0 The following infor..","TertiaryAttribute":null,"Payload":{"QuestionText":"<script> \nQualtrics.SurveyEngine.setEmbeddedData(\"surveyArm\", \"arm4_interactive_training\");\n<\/script>\n\n<b>Social Security Fraud is a serious problem, affecting millions of Americans.<\/b>&nbsp; The following information can help you identify and combat this fraud. Please review it carefully.&nbsp;<br><br>\n\n<p>Fraudsters may seek to learn your social security number to commit identity theft, or even to steal your social security benefits. The problem is that the Social Security Administration&nbsp;does&nbsp;contact people, so you can't simply ignore all messages that look like they are from the SSA. Instead, you can learn how to tell the difference between real and fake communications.<br><br>Here are key warning signs, that tell you a message isn't really from the&nbsp;Social Security Administration:<\/p>\n<br>1) Email addresses that aren't from ssa.gov or myssa.gov. Remember to expand and look at the email headers, not just the name that appears at the top of the email (which can be easily faked).&nbsp;<br>2) Links to websites that aren't&nbsp;ssa.gov or myssa.gov. Hover over a link to see where it really goes, before clicking on it.<br>3) Requests to verify your SSN number or contact information. The SSA already knows your SSN number!<br>4) Any requests for money&nbsp;or even offers of money.&nbsp; Scammers can use the offer of money to get your bank account information and rob you.&nbsp;&nbsp;","DefaultChoices":false,"DataExportTag":"training_intro","QuestionID":"QID39","QuestionType":"DB","Selector":"TB","Configuration":{"QuestionDescriptionOption":"UseText"},"QuestionDescription":"Social Security Fraud is a serious problem, affecting millions of Americans.\u00a0 The following infor...","ChoiceOrder":[],"Validation":{"Settings":{"Type":"None"}},"GradingData":[],"Language":[],"NextChoiceId":4,"NextAnswerId":1,"DataVisibility":{"Private":false,"Hidden":false}}},{"SurveyID":"SV_8c7MvRIjcSgD3im","Element":"SQ","PrimaryAttribute":"QID34","SecondaryAttribute":"Social Security Fraud is a serious problem, affecting millions of Americans.\u00a0 The Social Security..","TertiaryAttribute":null,"Payload":{"QuestionText":"<script> \nQualtrics.SurveyEngine.setEmbeddedData(\"surveyArm\", \"arm3_existingssa\");\n<\/script>\n\n<div><span style=\"font-weight: 700;\">Social Security Fraud is a serious problem, affecting millions of Americans.<\/span>&nbsp; The Social Security Administration provides the following information to help you identify and combat this fraud. Please review it carefully.&nbsp;<\/div>","DefaultChoices":false,"DataExportTag":"tips_info","QuestionType":"DB","Selector":"TB","Configuration":{"QuestionDescriptionOption":"UseText"},"QuestionDescription":"Social Security Fraud is a serious problem, affecting millions of Americans.\u00a0 The Social Security...","ChoiceOrder":[],"Validation":{"Settings":{"Type":"None"}},"GradingData":[],"Language":[],"NextChoiceId":4,"NextAnswerId":1,"QuestionID":"QID34","DataVisibility":{"Private":false,"Hidden":false}}},{"SurveyID":"SV_8c7MvRIjcSgD3im","Element":"SQ","PrimaryAttribute":"QID32","SecondaryAttribute":"Social Security Fraud is a serious problem, potentially affecting millions of Americans.\u00a0 The Soc..","TertiaryAttribute":null,"Payload":{"QuestionText":"<script> \nQualtrics.SurveyEngine.setEmbeddedData(\"surveyArm\", \"arm2_written_techniques\");\n<\/script>\n\n<span style=\"font-size: 16px;\"><span style=\"font-weight: 700;\">Social Security Fraud is a serious problem, potentially affecting millions of Americans.&nbsp; The Social Security Administration provides the following information to help you identify and combat this fraud. Please review it carefully.&nbsp;<\/span><\/span>","DefaultChoices":false,"DataExportTag":"general_info_intro","QuestionType":"DB","Selector":"TB","Configuration":{"QuestionDescriptionOption":"UseText"},"QuestionDescription":"Social Security Fraud is a serious problem, potentially affecting millions of Americans.\u00a0 The Soc...","ChoiceOrder":[],"Validation":{"Settings":{"Type":"None"}},"GradingData":[],"Language":[],"NextChoiceId":4,"NextAnswerId":1,"QuestionID":"QID32","DataVisibility":{"Private":false,"Hidden":false}}},{"SurveyID":"SV_8c7MvRIjcSgD3im","Element":"SQ","PrimaryAttribute":"QID49","SecondaryAttribute":"That's it for this round!\u00a0 \u00a0Please remember that this is a TWO PART study -- you will be invited..","TertiaryAttribute":null,"Payload":{"QuestionText":"That's it for this round!&nbsp; &nbsp;Please remember that this is a TWO PART study -- you will be invited to complete the second part at some point within the next two weeks.&nbsp; Only people who complete the first part (this survey) will be invited to complete the second part.&nbsp;<div><div><br><\/div><div>Your completion code is&nbsp;7B074E4C.&nbsp;&nbsp;On the next page you'll be returned to Prolific -- the completion code is embedded in the URL.&nbsp;<\/div><\/div>","DefaultChoices":false,"DataExportTag":"Q40","QuestionID":"QID49","QuestionType":"DB","Selector":"TB","Configuration":{"QuestionDescriptionOption":"UseText"},"QuestionDescription":"That's it for this round!\u00a0 \u00a0Please remember that this is a TWO PART study -- you will be invited...","ChoiceOrder":[],"Validation":{"Settings":{"Type":"None"}},"GradingData":[],"Language":[],"NextChoiceId":7,"NextAnswerId":1,"DataVisibility":{"Private":false,"Hidden":false}}},{"SurveyID":"SV_8c7MvRIjcSgD3im","Element":"SQ","PrimaryAttribute":"QID29","SecondaryAttribute":"This message is fake. See below for tips on what to look for in the message.","TertiaryAttribute":null,"Payload":{"QuestionText":"<p><span style=\"font-size:19px;\"><strong><font size=\"+2\">FAKE<\/font><\/strong>. See tips below on what to look for in the message.&nbsp;&nbsp;<\/span>&nbsp; &nbsp;&nbsp;<\/p>\n\n<iframe src=\"https:\/\/behavioralsurvey.com\/wp-content\/uploads\/2021\/05\/ssa_covidBenefits.html?showOverlays=true\" style=\"height:500px;width:100%;\">\n<\/iframe>","DefaultChoices":false,"DataExportTag":"CovidSSA_Answer","QuestionType":"DB","Selector":"TB","Configuration":{"QuestionDescriptionOption":"SpecifyLabel"},"QuestionDescription":"This message is fake. See below for tips on what to look for in the message.","ChoiceOrder":[],"Validation":{"Settings":{"Type":"None"}},"GradingData":[],"Language":[],"NextChoiceId":4,"NextAnswerId":1,"QuestionID":"QID29","DataVisibility":{"Private":false,"Hidden":false}}},{"SurveyID":"SV_8c7MvRIjcSgD3im","Element":"SQ","PrimaryAttribute":"QID36","SecondaryAttribute":"University of Wisconsin - Madison Research Participant Information and Consent Form \u00a0\u00a0\u00a0\u00a0\u00a0\u00a0\u00a0\u00a0","TertiaryAttribute":null,"Payload":{"QuestionText":"<p><strong><span style=\"font-size:12.0pt;font-family:&quot;Calibri&quot;,sans-serif;mso-fareast-font-family:\nCalibri\">University of Wisconsin - Madison<\/span><\/strong><\/p><p><o:p><\/o:p><\/p>\n\n<p><strong><span style=\"font-size:12.0pt;font-family:&quot;Calibri&quot;,sans-serif;mso-fareast-font-family:\nCalibri\">Research Participant Information and Consent Form<\/span><\/strong><o:p><\/o:p><\/p>\n\n<p><span style=\"font-size:12.0pt;font-family:&quot;Calibri&quot;,sans-serif;\nmso-fareast-font-family:Calibri\">&nbsp;&nbsp;&nbsp;&nbsp;&nbsp;&nbsp;&nbsp;&nbsp;&nbsp;&nbsp;&nbsp;&nbsp;&nbsp;&nbsp;&nbsp;&nbsp; <\/span><o:p><\/o:p><\/p>\n\n<p><strong><span style=\"font-size:12.0pt;font-family:&quot;Calibri&quot;,sans-serif;\nmso-fareast-font-family:Calibri\">Study Title:<\/span><\/strong><span style=\"font-size:\n12.0pt;font-family:&quot;Calibri&quot;,sans-serif;mso-fareast-font-family:Calibri\">\nAssessing Vulnerability to Social Security Scams<\/span><o:p><\/o:p><\/p>\n\n<p><strong><span style=\"font-size:12.0pt;font-family:&quot;Calibri&quot;,sans-serif;\nmso-fareast-font-family:Calibri\">Principal Investigator:<\/span><\/strong><span style=\"font-size:12.0pt;font-family:&quot;Calibri&quot;,sans-serif;mso-fareast-font-family:\nCalibri\"> Clifford A Robb (Phone: 608-262-3053) (Email: carobb@wisc.edu)<\/span><o:p><\/o:p><\/p>\n\n<p><span style=\"font-size:12.0pt;font-family:&quot;Calibri&quot;,sans-serif;\nmso-fareast-font-family:Calibri\">&nbsp;&nbsp;&nbsp;&nbsp;&nbsp;&nbsp;&nbsp;&nbsp;&nbsp;&nbsp;&nbsp;&nbsp;&nbsp;&nbsp;&nbsp;&nbsp; <\/span><o:p><\/o:p><\/p>\n\n<p><strong><span style=\"font-size:12.0pt;font-family:&quot;Calibri&quot;,sans-serif;\nmso-fareast-font-family:Calibri\">Description of the research<\/span><\/strong><o:p><\/o:p><\/p>\n\n<p><span style=\"font-size:12.0pt;font-family:&quot;Calibri&quot;,sans-serif;\nmso-fareast-font-family:Calibri\">You are invited to participate in a research study about identifying Social Security scams. You have been asked to participate because you are an American adult over the age of 18.<\/span>&nbsp;<span style=\"font-family: Calibri, sans-serif; font-size: 12pt;\">The purpose of the research is to see whether participants can correctly identify messaging from the Social Security Administration and also correctly identify fake messages claiming to be from the Social Security Administration or other government entity.&nbsp;&nbsp;<\/span><span style=\"font-family: Calibri, sans-serif; font-size: 12pt;\">This study will include roughly 2,000 American adults over the age of 18. This research will be conducted via online surveys and emails to participants.<\/span><\/p><p><o:p><\/o:p><\/p>\n\n<p><span style=\"font-size:12.0pt;font-family:&quot;Calibri&quot;,sans-serif;\nmso-fareast-font-family:Calibri\">&nbsp;&nbsp;&nbsp;&nbsp;&nbsp;&nbsp;&nbsp;&nbsp;&nbsp;&nbsp;&nbsp;&nbsp;&nbsp;&nbsp;&nbsp;&nbsp; <\/span><o:p><\/o:p><\/p>\n\n<p><strong><span style=\"font-size:12.0pt;font-family:&quot;Calibri&quot;,sans-serif;\nmso-fareast-font-family:Calibri\">What will my participation involve?<\/span><\/strong><o:p><\/o:p><\/p>\n\n<p><span style=\"font-size:12.0pt;font-family:&quot;Calibri&quot;,sans-serif;\nmso-fareast-font-family:Calibri\">If you decide to participate in this research, you will be asked to distinguish between fake and real messaging directly after a brief training related to internet scams. Each participant will flag messages as fake or real.&nbsp; P<\/span><span style=\"font-family: Calibri, sans-serif; font-size: 12pt;\">articipants will be sent dummy phishing emails&nbsp;<\/span><span style=\"font-family: Calibri, sans-serif; font-size: 16px;\">for them to try and identify,&nbsp;<\/span><span style=\"font-family: Calibri, sans-serif; font-size: 12pt;\">to an account setup for them solely for that purpose.<\/span><\/p><p><span style=\"font-family: Calibri, sans-serif; font-size: 12pt;\"><br><\/span><\/p><p><span style=\"font-family: Calibri, sans-serif; font-size: 12pt;\"><strong><em>The study involves two sessions<\/em><\/strong>: one now, and one after&nbsp;<\/span><span style=\"font-family: Calibri, sans-serif; font-size: 16px;\">delay up to <\/span><span style=\"font-family: Calibri, sans-serif; font-size: 12pt;\">two weeks. The first session lasts approximately 3-7 minutes, and the second session lasts approximately 5-10 minutes.&nbsp;&nbsp;<\/span><span style=\"font-family: Calibri, sans-serif; font-size: 12pt;\">Participation in each session is entirely optional.&nbsp;<\/span><\/p><p><o:p><\/o:p><\/p><p><span style=\"font-size: 12pt; font-family: Calibri, sans-serif;\"><br><\/span><\/p><p><o:p><\/o:p><\/p>\n\n<p><strong><span style=\"font-size:12.0pt;font-family:&quot;Calibri&quot;,sans-serif;\nmso-fareast-font-family:Calibri\">Are there any risks to me?<\/span><\/strong><o:p><\/o:p><\/p>\n\n<p><span style=\"font-size:12.0pt;font-family:&quot;Calibri&quot;,sans-serif;\nmso-fareast-font-family:Calibri\">Participants may be upset by aspects of the\nresearch, particularly if they have been subject to online fraud in the past.\nThe study design necessarily involves a degree of deception, however, the\ndeception is only at the level of the email and no sensitive information will\nbe collected by the researchers and individuals will be immediately notified if\nthey incorrectly believe a fraudulent email to be real during the training.<\/span><span style=\"font-size: 12pt;\">&nbsp;<\/span><span style=\"font-family: Calibri, sans-serif; font-size: 12pt;\">There is also a risk of a confidentiality\nbreach.<\/span><\/p><p><o:p><\/o:p><\/p>\n\n<p><span style=\"font-size:12.0pt;font-family:&quot;Calibri&quot;,sans-serif;\nmso-fareast-font-family:Calibri\">&nbsp;&nbsp;&nbsp;&nbsp;&nbsp;&nbsp;&nbsp;&nbsp;&nbsp;&nbsp;&nbsp;&nbsp;&nbsp;&nbsp;&nbsp;&nbsp; <\/span><o:p><\/o:p><\/p>\n\n<p><strong><span style=\"font-size:12.0pt;font-family:&quot;Calibri&quot;,sans-serif;\nmso-fareast-font-family:Calibri\">Are there any benefits to me?<\/span><\/strong><o:p><\/o:p><\/p>\n\n<p><span style=\"font-size:12.0pt;font-family:&quot;Calibri&quot;,sans-serif;\nmso-fareast-font-family:Calibri\">There are no direct benefits.&nbsp; However, the specific training around the\nnature of social security scams is in and of itself valuable information and is\ndesigned to provide protection against real scams that participants might\nencounter.<\/span><o:p><\/o:p><\/p>\n\n<p><span style=\"font-size:12.0pt;font-family:&quot;Calibri&quot;,sans-serif;\nmso-fareast-font-family:Calibri\">&nbsp;&nbsp;&nbsp;&nbsp;&nbsp;&nbsp;&nbsp;&nbsp;&nbsp;&nbsp;&nbsp;&nbsp;&nbsp;&nbsp;&nbsp;&nbsp; <\/span><o:p><\/o:p><\/p>\n\n<p><strong><span style=\"font-size:12.0pt;font-family:&quot;Calibri&quot;,sans-serif;\nmso-fareast-font-family:Calibri\">Will I be compensated for my participation?<\/span><\/strong><o:p><\/o:p><\/p>\n\n<p><span style=\"font-size:12.0pt;font-family:&quot;Calibri&quot;,sans-serif;\nmso-fareast-font-family:Calibri\">If you participate in this study, you will\nreceive your usual compensation from Prolific.&nbsp;<\/span><span style=\"font-family: Calibri, sans-serif; font-size: 12pt;\">If you do not complete this study, you will\nreceive no consideration.<\/span><\/p><p><o:p><\/o:p><\/p>\n\n<p><span style=\"font-size:12.0pt;font-family:&quot;Calibri&quot;,sans-serif;\nmso-fareast-font-family:Calibri\">&nbsp;&nbsp;&nbsp;&nbsp;&nbsp;&nbsp;&nbsp;&nbsp;&nbsp;&nbsp;&nbsp;&nbsp;&nbsp;&nbsp;&nbsp;&nbsp; <\/span><o:p><\/o:p><\/p>\n\n<p><strong><span style=\"font-size:12.0pt;font-family:&quot;Calibri&quot;,sans-serif;\nmso-fareast-font-family:Calibri\">How will my confidentiality be protected?<\/span><\/strong><o:p><\/o:p><\/p>\n\n<p><span style=\"font-size:12.0pt;font-family:&quot;Calibri&quot;,sans-serif;\nmso-fareast-font-family:Calibri\">This study is confidential. Neither your name\nor any other identifiable information will be published.<\/span><o:p><\/o:p><\/p>\n\n<p><span style=\"font-size:12.0pt;font-family:&quot;Calibri&quot;,sans-serif;\nmso-fareast-font-family:Calibri\">Only the study team will have access to the\ncomplete data from this study. To protect the anonymity of participants, not\npersonal identifying information will be retained in the data. Data will also\nbe stored on a secure server and be password protected. <\/span><o:p><\/o:p><\/p>\n\n<p><span style=\"font-size:12.0pt;font-family:&quot;Calibri&quot;,sans-serif;\nmso-fareast-font-family:Calibri\">&nbsp;&nbsp;&nbsp;&nbsp;&nbsp;&nbsp;&nbsp;&nbsp;&nbsp;&nbsp;&nbsp;&nbsp;&nbsp;&nbsp;&nbsp;&nbsp; <\/span><o:p><\/o:p><\/p>\n\n<p><strong><span style=\"font-size:12.0pt;font-family:&quot;Calibri&quot;,sans-serif;\nmso-fareast-font-family:Calibri\">Whom should I contact if I have questions?<\/span><\/strong><o:p><\/o:p><\/p>\n\n<p> <span style=\"font-size:12.0pt;font-family:&quot;Calibri&quot;,sans-serif;\nmso-fareast-font-family:Calibri\">You may ask any questions about the research\nat any time. If you have questions about the research after you leave today you\nshould contact the Principal Investigator Clifford A Robb at 608-262-3053.<\/span>&nbsp;&nbsp;<span style=\"font-family: Calibri, sans-serif; font-size: 12pt;\">If you are not satisfied with response of\nresearch team, have more questions, or want to talk with someone about your\nrights as a research participant, you should contact the Education and\nSocial\/Behavioral Science IRB Office at 608-265-4312.<\/span><\/p><p><o:p><\/o:p><\/p>\n\n<p><span style=\"font-size:12.0pt;font-family:&quot;Calibri&quot;,sans-serif;\nmso-fareast-font-family:Calibri\">&nbsp;&nbsp;&nbsp;&nbsp;&nbsp;&nbsp;&nbsp;&nbsp;&nbsp;&nbsp;&nbsp;&nbsp;&nbsp;&nbsp;&nbsp;&nbsp; <\/span><o:p><\/o:p><\/p>\n\n<span style=\"line-height: 1em;font-size:12.0pt;font-family:&quot;Calibri&quot;,sans-serif;mso-fareast-font-family:\nCalibri;mso-ansi-language:EN-US;mso-fareast-language:ZH-CN;mso-bidi-language:\nAR-SA\">If you decide not to participate or to withdraw from the study, you may\ndo so without penalty.<\/span>","DefaultChoices":false,"DataExportTag":"StudyInfo","QuestionType":"DB","Selector":"TB","Configuration":{"QuestionDescriptionOption":"UseText"},"QuestionDescription":"University of Wisconsin - Madison Research Participant Information and Consent Form \u00a0\u00a0\u00a0\u00a0\u00a0\u00a0\u00a0\u00a0\u00a0\u00a0\u00a0\u00a0\u00a0...","ChoiceOrder":[],"Validation":{"Settings":{"Type":"None"}},"GradingData":[],"Language":[],"NextChoiceId":4,"NextAnswerId":1,"QuestionID":"QID36","DataVisibility":{"Private":false,"Hidden":false}}},{"SurveyID":"SV_8c7MvRIjcSgD3im","Element":"SQ","PrimaryAttribute":"QID3","SecondaryAttribute":"What best describes your ethnic background? ","TertiaryAttribute":null,"Payload":{"QuestionText":"What best describes your ethnic background?&nbsp;","QuestionID":"QID3","QuestionType":"MC","Selector":"MAVR","SubSelector":"TX","QuestionDescription":"What best describes your ethnic background? ","Choices":{"1":{"Display":"White or Caucasian (Non-Hispanic)"},"2":{"Display":"Asian American or Asian"},"3":{"Display":"Hispanic"},"4":{"Display":"African American or African (Non-Hispanic)"},"5":{"Display":"Native American, Native Hawaiian or Pacific Islander"},"6":{"Display":"I prefer not to say"},"7":{"Display":"Other"}},"Validation":{"Settings":{"ForceResponseType":"ON","Type":"None"}},"Language":[],"DataExportTag":"Race","DataVisibility":{"Private":false,"Hidden":false},"Configuration":{"QuestionDescriptionOption":"UseText"},"ChoiceOrder":["1","2","3","4","5","6","7"],"NextChoiceId":8,"NextAnswerId":1}},{"SurveyID":"SV_8c7MvRIjcSgD3im","Element":"SQ","PrimaryAttribute":"QID31","SecondaryAttribute":"What is Internet Addiction? Between computers, tablets, smartphones, and 24-hour news, many of us...","TertiaryAttribute":null,"Payload":{"QuestionText":"<p><b>What is Internet Addiction?<\/b><\/p><p><\/p>\n\n<br><p>Between computers, tablets, smartphones, and 24-hour news, many of us may make light of it, saying we're technology addicts.<\/p><p><br><\/p><p>But now, medical professionals are starting to take it seriously, with new research suggesting that so-called \"Internet&nbsp;addiction\" is associated with increased&nbsp;depression&nbsp;and even drug-like withdrawal symptoms.<\/p><p><br><\/p><p>A study of 60 adults in the United Kingdom shows that those in the high-Internet-use group had a much greater drop in their mood after logging off their computers than the those in the low-use group. \"Internet addiction was [also] associated with long-standing&nbsp;depression, impulsive nonconformity, and&nbsp;autism&nbsp;traits,\" write the researchers, adding that the latter is \"a novel finding.\"<\/p><p><br><\/p><p>\"We were actually expecting that people who used the Net a lot would display enhanced moods after use -- reflecting the positive reinforcing properties of the Net,\" says researcher Phil Reed, DPhil, of Swansea University in the U.K.<\/p>","DefaultChoices":false,"DataExportTag":"internet_addiction","QuestionType":"DB","Selector":"TB","Configuration":{"QuestionDescriptionOption":"UseText"},"QuestionDescription":"What is Internet Addiction? Between computers, tablets, smartphones, and 24-hour news, many of us...","ChoiceOrder":[],"Validation":{"Settings":{"Type":"None"}},"GradingData":[],"Language":[],"NextChoiceId":4,"NextAnswerId":1,"QuestionID":"QID31","DataVisibility":{"Private":false,"Hidden":false}}},{"SurveyID":"SV_8c7MvRIjcSgD3im","Element":"SQ","PrimaryAttribute":"QID5","SecondaryAttribute":"What is the highest level of school you have completed or the highest degree you have received?","TertiaryAttribute":null,"Payload":{"QuestionText":"What is the highest level of school you have completed or the highest degree you have received?\n","QuestionID":"QID5","QuestionType":"MC","Selector":"SAVR","SubSelector":"TX","QuestionDescription":"What is the highest level of school you have completed or the highest degree you have received?","Choices":{"1":{"Display":"Some high school"},"2":{"Display":"High school degree or equivalent (e.g., GED)"},"3":{"Display":"Some college but no degree"},"4":{"Display":"Associate degree"},"5":{"Display":"Bachelor degree"},"6":{"Display":"Graduate or professional degree"}},"Validation":{"Settings":{"ForceResponseType":"ON","Type":"None"}},"Language":[],"DataExportTag":"Education","DataVisibility":{"Private":false,"Hidden":false},"Configuration":{"QuestionDescriptionOption":"UseText"},"ChoiceOrder":["1","2","3","4","5","6"],"NextChoiceId":7,"NextAnswerId":1}},{"SurveyID":"SV_8c7MvRIjcSgD3im","Element":"SQ","PrimaryAttribute":"QID2","SecondaryAttribute":"What is your age?","TertiaryAttribute":null,"Payload":{"QuestionText":"What is your age?\n","QuestionID":"QID2","QuestionType":"MC","Selector":"SAVR","SubSelector":"TX","QuestionDescription":"What is your age?","Choices":{"1":{"Display":"Under 18"},"2":{"Display":"18-24"},"3":{"Display":"25-34"},"4":{"Display":"35-44"},"5":{"Display":"45-54"},"6":{"Display":"55-64"},"7":{"Display":"65 or older"},"8":{"Display":"Prefer not to say"}},"Validation":{"Settings":{"ForceResponseType":"ON","Type":"None"}},"Language":[],"DataExportTag":"Age","DataVisibility":{"Private":false,"Hidden":false},"Configuration":{"QuestionDescriptionOption":"UseText"},"ChoiceOrder":["1","2","3","4","5","6","7","8"],"NextChoiceId":9,"NextAnswerId":1}},{"SurveyID":"SV_8c7MvRIjcSgD3im","Element":"SQ","PrimaryAttribute":"QID68","SecondaryAttribute":"What is your first name or nickname? (Optional)","TertiaryAttribute":null,"Payload":{"QuestionText":"What is your first name or nickname? (Optional)","DefaultChoices":false,"DataExportTag":"FirstName","QuestionID":"QID68","QuestionType":"TE","Selector":"SL","Configuration":{"QuestionDescriptionOption":"UseText"},"QuestionDescription":"What is your first name or nickname? (Optional)","Validation":{"Settings":{"ForceResponse":"OFF","Type":"None"}},"GradingData":[],"Language":[],"NextChoiceId":4,"NextAnswerId":1,"SearchSource":{"AllowFreeResponse":"false"},"DataVisibility":{"Private":false,"Hidden":false}}},{"SurveyID":"SV_8c7MvRIjcSgD3im","Element":"SQ","PrimaryAttribute":"QID6","SecondaryAttribute":"What is your marital status?","TertiaryAttribute":null,"Payload":{"QuestionText":"What is your marital status?\n","QuestionID":"QID6","QuestionType":"MC","Selector":"SAVR","SubSelector":"TX","QuestionDescription":"What is your marital status?","Choices":{"1":{"Display":"Married"},"2":{"Display":"Divorced or Separated"},"3":{"Display":"Widowed"},"4":{"Display":"Single"},"5":{"Display":"I prefer not to say"}},"Validation":{"Settings":{"ForceResponseType":"ON","Type":"None"}},"Language":[],"DataExportTag":"Married","DataVisibility":{"Private":false,"Hidden":false},"Configuration":{"QuestionDescriptionOption":"UseText"},"ChoiceOrder":["1","2","3","4","5"],"NextChoiceId":6,"NextAnswerId":1}},{"SurveyID":"SV_8c7MvRIjcSgD3im","Element":"SQ","PrimaryAttribute":"QID42","SecondaryAttribute":"What is your Prolific Id? (Required for payment)","TertiaryAttribute":null,"Payload":{"QuestionText":"What is your Prolific Id? (Required for payment)","DefaultChoices":false,"DataExportTag":"PID","QuestionType":"TE","Selector":"SL","Configuration":{"QuestionDescriptionOption":"UseText"},"QuestionDescription":"What is your Prolific Id? (Required for payment)","Validation":{"Settings":{"ForceResponse":"ON","ForceResponseType":"ON","Type":"None"}},"GradingData":[],"Language":[],"NextChoiceId":4,"NextAnswerId":1,"SearchSource":{"AllowFreeResponse":"false"},"QuestionID":"QID42","DataVisibility":{"Private":false,"Hidden":false}}},{"SurveyID":"SV_8c7MvRIjcSgD3im","Element":"SQ","PrimaryAttribute":"QID8","SecondaryAttribute":"What was your total, combined household income in 2020?","TertiaryAttribute":null,"Payload":{"QuestionText":"What was your total, combined household income in 2020?\n","QuestionID":"QID8","QuestionType":"MC","Selector":"SAVR","SubSelector":"TX","QuestionDescription":"What was your total, combined household income in 2020?","Choices":{"1":{"Display":"$0 - $19,999"},"2":{"Display":"$20,000 - $39,999"},"3":{"Display":"$40,000 - $59,999"},"4":{"Display":"$60,000 - $79,999"},"5":{"Display":"$80,000 - $99,999"},"6":{"Display":"$100,000 - $149,999"},"7":{"Display":"$150,000 or more"}},"Validation":{"Settings":{"ForceResponseType":"ON","Type":"None"}},"Language":[],"DataExportTag":"TotalIncome","DataVisibility":{"Private":false,"Hidden":false},"Configuration":{"QuestionDescriptionOption":"UseText"},"ChoiceOrder":[1,2,3,4,5,6,7],"NextChoiceId":8,"NextAnswerId":1}},{"SurveyID":"SV_8c7MvRIjcSgD3im","Element":"SQ","PrimaryAttribute":"QID7","SecondaryAttribute":"What zip code do you primarily live in?","TertiaryAttribute":null,"Payload":{"QuestionText":"What zip code do you primarily live in?\n\n","QuestionID":"QID7","QuestionType":"TE","Selector":"SL","QuestionDescription":"What zip code do you primarily live in?","Validation":{"Settings":{"ForceResponse":"$option.ForceResponseType","ForceResponseType":"ON","Type":"ContentType","ContentType":"ValidZip","ValidDateType":"DateWithFormat","ValidPhoneType":"ValidUSPhone","ValidZipType":"ValidUSZip"}},"Language":[],"SearchSource":{"AllowFreeResponse":"false"},"DataExportTag":"Zip","DataVisibility":{"Private":false,"Hidden":false},"Configuration":{"QuestionDescriptionOption":"UseText"},"NextChoiceId":1,"NextAnswerId":1}},{"SurveyID":"SV_8c7MvRIjcSgD3im","Element":"SQ","PrimaryAttribute":"QID55","SecondaryAttribute":"What's 2 + 4?","TertiaryAttribute":null,"Payload":{"QuestionText":"What's 2 + 4?","DefaultChoices":false,"DataExportTag":"attentionCheck","QuestionType":"TE","Selector":"SL","Configuration":{"QuestionDescriptionOption":"UseText"},"QuestionDescription":"What's 2 + 4?","Validation":{"Settings":{"ForceResponse":"OFF","ForceResponseType":"ON","Type":"None"}},"GradingData":[],"Language":[],"NextChoiceId":4,"NextAnswerId":1,"SearchSource":{"AllowFreeResponse":"false"},"QuestionID":"QID55"}},{"SurveyID":"SV_8c7MvRIjcSgD3im","Element":"SQ","PrimaryAttribute":"QID4","SecondaryAttribute":"Which of the following categories best describes your employment status?","TertiaryAttribute":null,"Payload":{"QuestionText":"Which of the following categories best describes your employment status?\n","QuestionID":"QID4","QuestionType":"MC","Selector":"SAVR","SubSelector":"TX","QuestionDescription":"Which of the following categories best describes your employment status?","Choices":{"1":{"Display":"Employed, working 1-29\u00a0hours per week"},"2":{"Display":"Employed, working 30 or more hours per week"},"3":{"Display":"Not employed, looking for work"},"4":{"Display":"Not employed, NOT looking for work"},"5":{"Display":"Retired"},"6":{"Display":"Disabled, not able to work"}},"Validation":{"Settings":{"ForceResponseType":"ON","Type":"None"}},"Language":[],"DataExportTag":"Employment","DataVisibility":{"Private":false,"Hidden":false},"Configuration":{"QuestionDescriptionOption":"UseText"},"ChoiceOrder":["1","2","3","4","5","6"],"NextChoiceId":7,"NextAnswerId":1}},{"SurveyID":"SV_8c7MvRIjcSgD3im","Element":"SQ","PrimaryAttribute":"QID9","SecondaryAttribute":"Which of the following sources of income did you receive in 2020?","TertiaryAttribute":null,"Payload":{"QuestionText":"Which of the following sources of income did you receive in 2020?\n","QuestionID":"QID9","QuestionType":"MC","Selector":"MAVR","SubSelector":"TX","QuestionDescription":"Which of the following sources of income did you receive in 2020?","Choices":{"1":{"Display":"Wages, Salary, Commissions, Bonuses or Tips"},"2":{"Display":"Self-Employment Income from a Farm or Non-Farm Business You Own"},"3":{"Display":"Social Security Retirement benefits"},"4":{"Display":"Supplemental Security Income (SSI)"},"5":{"Display":"Employer-Sponsored Retirement Income, IRAs, or Pensions"},"6":{"Display":"Any Other Public Assistance or Welfare Payments"},"7":{"Display":"Other - Write In","TextEntry":"true"},"8":{"Display":"Disability Support (VA, SSA, etc.)"}},"Validation":{"Settings":{"ForceResponseType":"ON","Type":"None"}},"Language":[],"DataExportTag":"IncomeSource","DataVisibility":{"Private":false,"Hidden":false},"Configuration":{"QuestionDescriptionOption":"UseText"},"ChoiceOrder":["1","2","3","4","8","5","6","7"],"NextChoiceId":9,"NextAnswerId":1}},{"SurveyID":"SV_8c7MvRIjcSgD3im","Element":"SQ","PrimaryAttribute":"QID12","SecondaryAttribute":"Would you say that most of the time people...","TertiaryAttribute":null,"Payload":{"QuestionText":"Would you say that most of the time people...","QuestionID":"QID12","QuestionType":"MC","Selector":"SAVR","SubSelector":"TX","QuestionDescription":"Would you say that most of the time people...","Choices":{"1":{"Display":"Try to help others"},"2":{"Display":"Just look out for themselves"}},"Validation":{"Settings":{"ForceResponseType":"ON","Type":"None"}},"Language":[],"DataExportTag":"TryToHelp","DataVisibility":{"Private":false,"Hidden":false},"Configuration":{"QuestionDescriptionOption":"UseText"},"ChoiceOrder":["1","2"],"NextChoiceId":3,"NextAnswerId":1}}]}